<?xml version="1.0" encoding="UTF-8" standalone="yes" ?>
<CodeBlocks_project_file>
	<FileVersion major="1" minor="6" />
	<Project>
		<Option title="mng" />
		<Option pch_mode="2" />
		<Option compiler="gcc" />
		<Build>
			<Target title="Win32 Release">
				<Option output="C:\xampp\htdocs\Projects\cximage600_full\mng\Release\libmng" prefix_auto="1" extension_auto="1" />
				<Option working_dir="" />
				<Option object_output="Release" />
				<Option type="2" />
				<Option compiler="gcc" />
				<Option createDefFile="1" />
				<Compiler>
					<Add option="-W" />
					<Add option="-fexceptions" />
					<Add option="-O2" />
					<Add option="-DWIN32" />
					<Add option="-DNDEBUG" />
					<Add option="-D_WINDOWS" />
					<Add option="-D_AFXDLL" />
					<Add option="-DMNG_SUPPORT_DISPLAY" />
					<Add option="-DMNG_SUPPORT_READ" />
					<Add option="-DMNG_SUPPORT_WRITE" />
					<Add option="-DMNG_ACCESS_CHUNKS" />
					<Add option="-DMNG_STORE_CHUNKS" />
					<Add option="-D_CRT_SECURE_NO_DEPRECATE" />
					<Add option="-DMNG_ERROR_TELLTALE" />
				</Compiler>
			</Target>
			<Target title="Win32 Debug">
				<Option output="C:\xampp\htdocs\Projects\cximage600_full\mng\Debug\libmng" prefix_auto="1" extension_auto="1" />
				<Option working_dir="" />
				<Option object_output="Debug" />
				<Option type="2" />
				<Option compiler="gcc" />
				<Option createDefFile="1" />
				<Compiler>
					<Add option="-W" />
					<Add option="-fexceptions" />
					<Add option="-g" />
					<Add option="-DWIN32" />
					<Add option="-D_DEBUG" />
					<Add option="-D_WINDOWS" />
					<Add option="-D_AFXDLL" />
					<Add option="-DMNG_SUPPORT_DISPLAY" />
					<Add option="-DMNG_SUPPORT_READ" />
					<Add option="-DMNG_SUPPORT_WRITE" />
					<Add option="-DMNG_ACCESS_CHUNKS" />
					<Add option="-DMNG_STORE_CHUNKS" />
					<Add option="-D_CRT_SECURE_NO_DEPRECATE" />
					<Add option="-DMNG_ERROR_TELLTALE" />
				</Compiler>
			</Target>
			<Target title="Win32 Unicode Debug">
				<Option output="C:\xampp\htdocs\Projects\cximage600_full\mng\Unicode_Debug\libmng" prefix_auto="1" extension_auto="1" />
				<Option working_dir="" />
				<Option object_output="Unicode_Debug" />
				<Option type="2" />
				<Option compiler="gcc" />
				<Option createDefFile="1" />
				<Compiler>
					<Add option="-W" />
					<Add option="-fexceptions" />
					<Add option="-g" />
					<Add option="-DWIN32" />
					<Add option="-D_DEBUG" />
					<Add option="-D_WINDOWS" />
					<Add option="-D_MBCS" />
					<Add option="-DMNG_SUPPORT_DISPLAY" />
					<Add option="-DMNG_SUPPORT_READ" />
					<Add option="-DMNG_SUPPORT_WRITE" />
					<Add option="-DMNG_ACCESS_CHUNKS" />
					<Add option="-DMNG_STORE_CHUNKS" />
					<Add option="-D_AFXDLL" />
					<Add option="-D_UNICODE" />
					<Add option="-DUNICODE" />
					<Add option="-D_CRT_SECURE_NO_DEPRECATE" />
					<Add option="-DMNG_ERROR_TELLTALE" />
				</Compiler>
			</Target>
			<Target title="Win32 Unicode Release">
				<Option output="C:\xampp\htdocs\Projects\cximage600_full\mng\Unicode_Release\libmng" prefix_auto="1" extension_auto="1" />
				<Option working_dir="" />
				<Option object_output="Unicode_Release" />
				<Option type="2" />
				<Option compiler="gcc" />
				<Option createDefFile="1" />
				<Compiler>
					<Add option="-W" />
					<Add option="-fexceptions" />
					<Add option="-O2" />
					<Add option="-DWIN32" />
					<Add option="-DNDEBUG" />
					<Add option="-D_WINDOWS" />
					<Add option="-D_MBCS" />
					<Add option="-D_AFXDLL" />
					<Add option="-DMNG_SUPPORT_DISPLAY" />
					<Add option="-DMNG_SUPPORT_READ" />
					<Add option="-DMNG_SUPPORT_WRITE" />
					<Add option="-DMNG_ACCESS_CHUNKS" />
					<Add option="-DMNG_STORE_CHUNKS" />
					<Add option="-D_UNICODE" />
					<Add option="-DUNICODE" />
					<Add option="-D_CRT_SECURE_NO_DEPRECATE" />
					<Add option="-DMNG_ERROR_TELLTALE" />
				</Compiler>
			</Target>
		</Build>
		<Unit filename="libmng_callback_xs.c">
			<Option compilerVar="CC" />
		</Unit>
		<Unit filename="libmng_chunk_descr.c">
			<Option compilerVar="CC" />
		</Unit>
		<Unit filename="libmng_chunk_descr.h" />
		<Unit filename="libmng_chunk_io.c">
			<Option compilerVar="CC" />
		</Unit>
		<Unit filename="libmng_chunk_prc.c">
			<Option compilerVar="CC" />
		</Unit>
		<Unit filename="libmng_chunk_xs.c">
			<Option compilerVar="CC" />
		</Unit>
		<Unit filename="libmng_cms.c">
			<Option compilerVar="CC" />
		</Unit>
		<Unit filename="libmng_display.c">
			<Option compilerVar="CC" />
		</Unit>
		<Unit filename="libmng_dither.c">
			<Option compilerVar="CC" />
		</Unit>
		<Unit filename="libmng_error.c">
			<Option compilerVar="CC" />
		</Unit>
		<Unit filename="libmng_filter.c">
			<Option compilerVar="CC" />
		</Unit>
		<Unit filename="libmng_hlapi.c">
			<Option compilerVar="CC" />
		</Unit>
		<Unit filename="libmng_jpeg.c">
			<Option compilerVar="CC" />
		</Unit>
		<Unit filename="libmng_object_prc.c">
			<Option compilerVar="CC" />
		</Unit>
		<Unit filename="libmng_pixels.c">
			<Option compilerVar="CC" />
		</Unit>
		<Unit filename="libmng_prop_xs.c">
			<Option compilerVar="CC" />
		</Unit>
		<Unit filename="libmng_read.c">
			<Option compilerVar="CC" />
		</Unit>
		<Unit filename="libmng_trace.c">
			<Option compilerVar="CC" />
		</Unit>
		<Unit filename="libmng_write.c">
			<Option compilerVar="CC" />
		</Unit>
		<Unit filename="libmng_zlib.c">
			<Option compilerVar="CC" />
		</Unit>
		<Unit filename="libmng.h" />
		<Unit filename="libmng_chunk_io.h" />
		<Unit filename="libmng_chunk_prc.h" />
		<Unit filename="libmng_chunks.h" />
		<Unit filename="libmng_cms.h" />
		<Unit filename="libmng_conf.h" />
		<Unit filename="libmng_data.h" />
		<Unit filename="libmng_display.h" />
		<Unit filename="libmng_dither.h" />
		<Unit filename="libmng_error.h" />
		<Unit filename="libmng_filter.h" />
		<Unit filename="libmng_jpeg.h" />
		<Unit filename="libmng_memory.h" />
		<Unit filename="libmng_object_prc.h" />
		<Unit filename="libmng_objects.h" />
		<Unit filename="libmng_pixels.h" />
		<Unit filename="libmng_read.h" />
		<Unit filename="libmng_trace.h" />
		<Unit filename="libmng_types.h" />
		<Unit filename="libmng_write.h" />
		<Unit filename="libmng_zlib.h" />
		<Extensions>
			<code_completion />
			<debugger />
		</Extensions>
	</Project>
</CodeBlocks_project_file>
