
Microsoft Visual Studio Solution File, Format Version 11.00
# Visual Studio 15
Project("{8BC9CEB8-8B4A-11D0-8D11-00A0C91BC942}") = "3d", "3d.vcxproj", "{CDFC8200-C770-4AB3-B5A8-4841D7BF1577}"
EndProject
Project("{8BC9CEB8-8B4A-11D0-8D11-00A0C91BC942}") = "asyncio", "asyncio.vcxproj", "{E1D080BE-D0F7-43CF-9D12-57900F11457D}"
EndProject
Project("{8BC9CEB8-8B4A-11D0-8D11-00A0C91BC942}") = "channel_groups", "channel_groups.vcxproj", "{4712DD4B-E857-4678-B1D7-F7FC8FFABC2A}"
EndProject
Project("{8BC9CEB8-8B4A-11D0-8D11-00A0C91BC942}") = "convolution_reverb", "convolution_reverb.vcxproj", "{8660595C-98FF-41F4-A685-A393E5716222}"
EndProject
Project("{8BC9CEB8-8B4A-11D0-8D11-00A0C91BC942}") = "dsp_custom", "dsp_custom.vcxproj", "{7A31DDDD-5634-44E0-94B6-43B19CD8E749}"
EndProject
Project("{8BC9CEB8-8B4A-11D0-8D11-00A0C91BC942}") = "dsp_effect_per_speaker", "dsp_effect_per_speaker.vcxproj", "{8CD5A700-0125-40ED-8BBD-4A7F4D4D9F7B}"
EndProject
Project("{8BC9CEB8-8B4A-11D0-8D11-00A0C91BC942}") = "dsp_inspector", "dsp_inspector.vcxproj", "{FBD9D13F-0486-4323-BDB5-BD0DF0AD1C28}"
EndProject
Project("{8BC9CEB8-8B4A-11D0-8D11-00A0C91BC942}") = "effects", "effects.vcxproj", "{CB840680-5FD4-4316-8DA7-EC87BFAC8937}"
EndProject
Project("{8BC9CEB8-8B4A-11D0-8D11-00A0C91BC942}") = "gapless_playback", "gapless_playback.vcxproj", "{94AE9ECB-266F-4565-9392-C78612A30751}"
EndProject
Project("{8BC9CEB8-8B4A-11D0-8D11-00A0C91BC942}") = "generate_tone", "generate_tone.vcxproj", "{37ECADB0-D499-4D72-89DA-D7B2C4142E37}"
EndProject
Project("{8BC9CEB8-8B4A-11D0-8D11-00A0C91BC942}") = "granular_synth", "granular_synth.vcxproj", "{196ACC2E-D873-47E3-9521-4ABF2177E317}"
EndProject
Project("{8BC9CEB8-8B4A-11D0-8D11-00A0C91BC942}") = "load_from_memory", "load_from_memory.vcxproj", "{0C9CA9DD-534E-4AC9-8577-541BF8933557}"
EndProject
Project("{8BC9CEB8-8B4A-11D0-8D11-00A0C91BC942}") = "multiple_speaker", "multiple_speaker.vcxproj", "{31F18C98-E589-4DB7-9FE9-48ACAFFC20C4}"
EndProject
Project("{8BC9CEB8-8B4A-11D0-8D11-00A0C91BC942}") = "multiple_system", "multiple_system.vcxproj", "{CAAD03E1-3138-4E7E-A83A-18EA9BF94E5A}"
EndProject
Project("{8BC9CEB8-8B4A-11D0-8D11-00A0C91BC942}") = "net_stream", "net_stream.vcxproj", "{D2DEA1EE-3C54-4387-A407-F8F8DC4A2EE6}"
EndProject
Project("{8BC9CEB8-8B4A-11D0-8D11-00A0C91BC942}") = "play_sound", "play_sound.vcxproj", "{A235665D-131B-4E81-A82D-262D42DCAE79}"
EndProject
Project("{8BC9CEB8-8B4A-11D0-8D11-00A0C91BC942}") = "play_stream", "play_stream.vcxproj", "{0F64D4E4-BABB-4898-BD90-288011077530}"
EndProject
Project("{8BC9CEB8-8B4A-11D0-8D11-00A0C91BC942}") = "record", "record.vcxproj", "{6C8FDBEF-DC6D-40F6-9FDD-DC50F46C2352}"
EndProject
Project("{8BC9CEB8-8B4A-11D0-8D11-00A0C91BC942}") = "record_enumeration", "record_enumeration.vcxproj", "{ED755BD8-A3A0-4FAF-A973-AC1572ED0F6D}"
EndProject
Project("{8BC9CEB8-8B4A-11D0-8D11-00A0C91BC942}") = "user_created_sound", "user_created_sound.vcxproj", "{4B1A413E-3EA7-4D03-B16A-61FF974D5D77}"
EndProject
Project("{8BC9CEB8-8B4A-11D0-8D11-00A0C91BC942}") = "fmod_codec_raw", "fmod_codec_raw.vcxproj", "{0A00E1B1-3524-4A64-B462-D4B3A7AFE1F5}"
EndProject
Project("{8BC9CEB8-8B4A-11D0-8D11-00A0C91BC942}") = "fmod_distance_filter", "fmod_distance_filter.vcxproj", "{EABE9B92-4C22-42E8-A730-A52199D31DDC}"
EndProject
Project("{8BC9CEB8-8B4A-11D0-8D11-00A0C91BC942}") = "fmod_gain", "fmod_gain.vcxproj", "{301AC5EE-8D9E-4385-A92C-C7B0E8A0268A}"
EndProject
Project("{8BC9CEB8-8B4A-11D0-8D11-00A0C91BC942}") = "fmod_noise", "fmod_noise.vcxproj", "{AB509102-856A-4226-95AC-E754DA60E935}"
EndProject
Project("{8BC9CEB8-8B4A-11D0-8D11-00A0C91BC942}") = "output_mp3", "output_mp3.vcxproj", "{7CDE6F23-5C8D-4B5C-B24F-D3580C79FA80}"
EndProject
Global
	GlobalSection(SolutionConfigurationPlatforms) = preSolution
		Debug|Win32 = Debug|Win32
		Debug|x64 = Debug|x64
		Release|Win32 = Release|Win32
		Release|x64 = Release|x64
	EndGlobalSection
	GlobalSection(ProjectConfigurationPlatforms) = postSolution
		{CDFC8200-C770-4AB3-B5A8-4841D7BF1577}.Debug|Win32.ActiveCfg = Debug|Win32
		{CDFC8200-C770-4AB3-B5A8-4841D7BF1577}.Debug|Win32.Build.0 = Debug|Win32
		{CDFC8200-C770-4AB3-B5A8-4841D7BF1577}.Debug|Win32.Deploy.0 = Debug|Win32
		{CDFC8200-C770-4AB3-B5A8-4841D7BF1577}.Debug|x64.ActiveCfg = Debug|x64
		{CDFC8200-C770-4AB3-B5A8-4841D7BF1577}.Debug|x64.Build.0 = Debug|x64
		{CDFC8200-C770-4AB3-B5A8-4841D7BF1577}.Debug|x64.Deploy.0 = Debug|x64
		{CDFC8200-C770-4AB3-B5A8-4841D7BF1577}.Release|Win32.ActiveCfg = Release|Win32
		{CDFC8200-C770-4AB3-B5A8-4841D7BF1577}.Release|Win32.Build.0 = Release|Win32
		{CDFC8200-C770-4AB3-B5A8-4841D7BF1577}.Release|Win32.Deploy.0 = Release|Win32
		{CDFC8200-C770-4AB3-B5A8-4841D7BF1577}.Release|x64.ActiveCfg = Release|x64
		{CDFC8200-C770-4AB3-B5A8-4841D7BF1577}.Release|x64.Build.0 = Release|x64
		{CDFC8200-C770-4AB3-B5A8-4841D7BF1577}.Release|x64.Deploy.0 = Release|x64
		{E1D080BE-D0F7-43CF-9D12-57900F11457D}.Debug|Win32.ActiveCfg = Debug|Win32
		{E1D080BE-D0F7-43CF-9D12-57900F11457D}.Debug|Win32.Build.0 = Debug|Win32
		{E1D080BE-D0F7-43CF-9D12-57900F11457D}.Debug|Win32.Deploy.0 = Debug|Win32
		{E1D080BE-D0F7-43CF-9D12-57900F11457D}.Debug|x64.ActiveCfg = Debug|x64
		{E1D080BE-D0F7-43CF-9D12-57900F11457D}.Debug|x64.Build.0 = Debug|x64
		{E1D080BE-D0F7-43CF-9D12-57900F11457D}.Debug|x64.Deploy.0 = Debug|x64
		{E1D080BE-D0F7-43CF-9D12-57900F11457D}.Release|Win32.ActiveCfg = Release|Win32
		{E1D080BE-D0F7-43CF-9D12-57900F11457D}.Release|Win32.Build.0 = Release|Win32
		{E1D080BE-D0F7-43CF-9D12-57900F11457D}.Release|Win32.Deploy.0 = Release|Win32
		{E1D080BE-D0F7-43CF-9D12-57900F11457D}.Release|x64.ActiveCfg = Release|x64
		{E1D080BE-D0F7-43CF-9D12-57900F11457D}.Release|x64.Build.0 = Release|x64
		{E1D080BE-D0F7-43CF-9D12-57900F11457D}.Release|x64.Deploy.0 = Release|x64
		{4712DD4B-E857-4678-B1D7-F7FC8FFABC2A}.Debug|Win32.ActiveCfg = Debug|Win32
		{4712DD4B-E857-4678-B1D7-F7FC8FFABC2A}.Debug|Win32.Build.0 = Debug|Win32
		{4712DD4B-E857-4678-B1D7-F7FC8FFABC2A}.Debug|Win32.Deploy.0 = Debug|Win32
		{4712DD4B-E857-4678-B1D7-F7FC8FFABC2A}.Debug|x64.ActiveCfg = Debug|x64
		{4712DD4B-E857-4678-B1D7-F7FC8FFABC2A}.Debug|x64.Build.0 = Debug|x64
		{4712DD4B-E857-4678-B1D7-F7FC8FFABC2A}.Debug|x64.Deploy.0 = Debug|x64
		{4712DD4B-E857-4678-B1D7-F7FC8FFABC2A}.Release|Win32.ActiveCfg = Release|Win32
		{4712DD4B-E857-4678-B1D7-F7FC8FFABC2A}.Release|Win32.Build.0 = Release|Win32
		{4712DD4B-E857-4678-B1D7-F7FC8FFABC2A}.Release|Win32.Deploy.0 = Release|Win32
		{4712DD4B-E857-4678-B1D7-F7FC8FFABC2A}.Release|x64.ActiveCfg = Release|x64
		{4712DD4B-E857-4678-B1D7-F7FC8FFABC2A}.Release|x64.Build.0 = Release|x64
		{4712DD4B-E857-4678-B1D7-F7FC8FFABC2A}.Release|x64.Deploy.0 = Release|x64
		{8660595C-98FF-41F4-A685-A393E5716222}.Debug|Win32.ActiveCfg = Debug|Win32
		{8660595C-98FF-41F4-A685-A393E5716222}.Debug|Win32.Build.0 = Debug|Win32
		{8660595C-98FF-41F4-A685-A393E5716222}.Debug|Win32.Deploy.0 = Debug|Win32
		{8660595C-98FF-41F4-A685-A393E5716222}.Debug|x64.ActiveCfg = Debug|x64
		{8660595C-98FF-41F4-A685-A393E5716222}.Debug|x64.Build.0 = Debug|x64
		{8660595C-98FF-41F4-A685-A393E5716222}.Debug|x64.Deploy.0 = Debug|x64
		{8660595C-98FF-41F4-A685-A393E5716222}.Release|Win32.ActiveCfg = Release|Win32
		{8660595C-98FF-41F4-A685-A393E5716222}.Release|Win32.Build.0 = Release|Win32
		{8660595C-98FF-41F4-A685-A393E5716222}.Release|Win32.Deploy.0 = Release|Win32
		{8660595C-98FF-41F4-A685-A393E5716222}.Release|x64.ActiveCfg = Release|x64
		{8660595C-98FF-41F4-A685-A393E5716222}.Release|x64.Build.0 = Release|x64
		{8660595C-98FF-41F4-A685-A393E5716222}.Release|x64.Deploy.0 = Release|x64
		{7A31DDDD-5634-44E0-94B6-43B19CD8E749}.Debug|Win32.ActiveCfg = Debug|Win32
		{7A31DDDD-5634-44E0-94B6-43B19CD8E749}.Debug|Win32.Build.0 = Debug|Win32
		{7A31DDDD-5634-44E0-94B6-43B19CD8E749}.Debug|Win32.Deploy.0 = Debug|Win32
		{7A31DDDD-5634-44E0-94B6-43B19CD8E749}.Debug|x64.ActiveCfg = Debug|x64
		{7A31DDDD-5634-44E0-94B6-43B19CD8E749}.Debug|x64.Build.0 = Debug|x64
		{7A31DDDD-5634-44E0-94B6-43B19CD8E749}.Debug|x64.Deploy.0 = Debug|x64
		{7A31DDDD-5634-44E0-94B6-43B19CD8E749}.Release|Win32.ActiveCfg = Release|Win32
		{7A31DDDD-5634-44E0-94B6-43B19CD8E749}.Release|Win32.Build.0 = Release|Win32
		{7A31DDDD-5634-44E0-94B6-43B19CD8E749}.Release|Win32.Deploy.0 = Release|Win32
		{7A31DDDD-5634-44E0-94B6-43B19CD8E749}.Release|x64.ActiveCfg = Release|x64
		{7A31DDDD-5634-44E0-94B6-43B19CD8E749}.Release|x64.Build.0 = Release|x64
		{7A31DDDD-5634-44E0-94B6-43B19CD8E749}.Release|x64.Deploy.0 = Release|x64
		{8CD5A700-0125-40ED-8BBD-4A7F4D4D9F7B}.Debug|Win32.ActiveCfg = Debug|Win32
		{8CD5A700-0125-40ED-8BBD-4A7F4D4D9F7B}.Debug|Win32.Build.0 = Debug|Win32
		{8CD5A700-0125-40ED-8BBD-4A7F4D4D9F7B}.Debug|Win32.Deploy.0 = Debug|Win32
		{8CD5A700-0125-40ED-8BBD-4A7F4D4D9F7B}.Debug|x64.ActiveCfg = Debug|x64
		{8CD5A700-0125-40ED-8BBD-4A7F4D4D9F7B}.Debug|x64.Build.0 = Debug|x64
		{8CD5A700-0125-40ED-8BBD-4A7F4D4D9F7B}.Debug|x64.Deploy.0 = Debug|x64
		{8CD5A700-0125-40ED-8BBD-4A7F4D4D9F7B}.Release|Win32.ActiveCfg = Release|Win32
		{8CD5A700-0125-40ED-8BBD-4A7F4D4D9F7B}.Release|Win32.Build.0 = Release|Win32
		{8CD5A700-0125-40ED-8BBD-4A7F4D4D9F7B}.Release|Win32.Deploy.0 = Release|Win32
		{8CD5A700-0125-40ED-8BBD-4A7F4D4D9F7B}.Release|x64.ActiveCfg = Release|x64
		{8CD5A700-0125-40ED-8BBD-4A7F4D4D9F7B}.Release|x64.Build.0 = Release|x64
		{8CD5A700-0125-40ED-8BBD-4A7F4D4D9F7B}.Release|x64.Deploy.0 = Release|x64
		{FBD9D13F-0486-4323-BDB5-BD0DF0AD1C28}.Debug|Win32.ActiveCfg = Debug|Win32
		{FBD9D13F-0486-4323-BDB5-BD0DF0AD1C28}.Debug|Win32.Build.0 = Debug|Win32
		{FBD9D13F-0486-4323-BDB5-BD0DF0AD1C28}.Debug|Win32.Deploy.0 = Debug|Win32
		{FBD9D13F-0486-4323-BDB5-BD0DF0AD1C28}.Debug|x64.ActiveCfg = Debug|x64
		{FBD9D13F-0486-4323-BDB5-BD0DF0AD1C28}.Debug|x64.Build.0 = Debug|x64
		{FBD9D13F-0486-4323-BDB5-BD0DF0AD1C28}.Debug|x64.Deploy.0 = Debug|x64
		{FBD9D13F-0486-4323-BDB5-BD0DF0AD1C28}.Release|Win32.ActiveCfg = Release|Win32
		{FBD9D13F-0486-4323-BDB5-BD0DF0AD1C28}.Release|Win32.Build.0 = Release|Win32
		{FBD9D13F-0486-4323-BDB5-BD0DF0AD1C28}.Release|Win32.Deploy.0 = Release|Win32
		{FBD9D13F-0486-4323-BDB5-BD0DF0AD1C28}.Release|x64.ActiveCfg = Release|x64
		{FBD9D13F-0486-4323-BDB5-BD0DF0AD1C28}.Release|x64.Build.0 = Release|x64
		{FBD9D13F-0486-4323-BDB5-BD0DF0AD1C28}.Release|x64.Deploy.0 = Release|x64
		{CB840680-5FD4-4316-8DA7-EC87BFAC8937}.Debug|Win32.ActiveCfg = Debug|Win32
		{CB840680-5FD4-4316-8DA7-EC87BFAC8937}.Debug|Win32.Build.0 = Debug|Win32
		{CB840680-5FD4-4316-8DA7-EC87BFAC8937}.Debug|Win32.Deploy.0 = Debug|Win32
		{CB840680-5FD4-4316-8DA7-EC87BFAC8937}.Debug|x64.ActiveCfg = Debug|x64
		{CB840680-5FD4-4316-8DA7-EC87BFAC8937}.Debug|x64.Build.0 = Debug|x64
		{CB840680-5FD4-4316-8DA7-EC87BFAC8937}.Debug|x64.Deploy.0 = Debug|x64
		{CB840680-5FD4-4316-8DA7-EC87BFAC8937}.Release|Win32.ActiveCfg = Release|Win32
		{CB840680-5FD4-4316-8DA7-EC87BFAC8937}.Release|Win32.Build.0 = Release|Win32
		{CB840680-5FD4-4316-8DA7-EC87BFAC8937}.Release|Win32.Deploy.0 = Release|Win32
		{CB840680-5FD4-4316-8DA7-EC87BFAC8937}.Release|x64.ActiveCfg = Release|x64
		{CB840680-5FD4-4316-8DA7-EC87BFAC8937}.Release|x64.Build.0 = Release|x64
		{CB840680-5FD4-4316-8DA7-EC87BFAC8937}.Release|x64.Deploy.0 = Release|x64
		{94AE9ECB-266F-4565-9392-C78612A30751}.Debug|Win32.ActiveCfg = Debug|Win32
		{94AE9ECB-266F-4565-9392-C78612A30751}.Debug|Win32.Build.0 = Debug|Win32
		{94AE9ECB-266F-4565-9392-C78612A30751}.Debug|Win32.Deploy.0 = Debug|Win32
		{94AE9ECB-266F-4565-9392-C78612A30751}.Debug|x64.ActiveCfg = Debug|x64
		{94AE9ECB-266F-4565-9392-C78612A30751}.Debug|x64.Build.0 = Debug|x64
		{94AE9ECB-266F-4565-9392-C78612A30751}.Debug|x64.Deploy.0 = Debug|x64
		{94AE9ECB-266F-4565-9392-C78612A30751}.Release|Win32.ActiveCfg = Release|Win32
		{94AE9ECB-266F-4565-9392-C78612A30751}.Release|Win32.Build.0 = Release|Win32
		{94AE9ECB-266F-4565-9392-C78612A30751}.Release|Win32.Deploy.0 = Release|Win32
		{94AE9ECB-266F-4565-9392-C78612A30751}.Release|x64.ActiveCfg = Release|x64
		{94AE9ECB-266F-4565-9392-C78612A30751}.Release|x64.Build.0 = Release|x64
		{94AE9ECB-266F-4565-9392-C78612A30751}.Release|x64.Deploy.0 = Release|x64
		{37ECADB0-D499-4D72-89DA-D7B2C4142E37}.Debug|Win32.ActiveCfg = Debug|Win32
		{37ECADB0-D499-4D72-89DA-D7B2C4142E37}.Debug|Win32.Build.0 = Debug|Win32
		{37ECADB0-D499-4D72-89DA-D7B2C4142E37}.Debug|Win32.Deploy.0 = Debug|Win32
		{37ECADB0-D499-4D72-89DA-D7B2C4142E37}.Debug|x64.ActiveCfg = Debug|x64
		{37ECADB0-D499-4D72-89DA-D7B2C4142E37}.Debug|x64.Build.0 = Debug|x64
		{37ECADB0-D499-4D72-89DA-D7B2C4142E37}.Debug|x64.Deploy.0 = Debug|x64
		{37ECADB0-D499-4D72-89DA-D7B2C4142E37}.Release|Win32.ActiveCfg = Release|Win32
		{37ECADB0-D499-4D72-89DA-D7B2C4142E37}.Release|Win32.Build.0 = Release|Win32
		{37ECADB0-D499-4D72-89DA-D7B2C4142E37}.Release|Win32.Deploy.0 = Release|Win32
		{37ECADB0-D499-4D72-89DA-D7B2C4142E37}.Release|x64.ActiveCfg = Release|x64
		{37ECADB0-D499-4D72-89DA-D7B2C4142E37}.Release|x64.Build.0 = Release|x64
		{37ECADB0-D499-4D72-89DA-D7B2C4142E37}.Release|x64.Deploy.0 = Release|x64
		{196ACC2E-D873-47E3-9521-4ABF2177E317}.Debug|Win32.ActiveCfg = Debug|Win32
		{196ACC2E-D873-47E3-9521-4ABF2177E317}.Debug|Win32.Build.0 = Debug|Win32
		{196ACC2E-D873-47E3-9521-4ABF2177E317}.Debug|Win32.Deploy.0 = Debug|Win32
		{196ACC2E-D873-47E3-9521-4ABF2177E317}.Debug|x64.ActiveCfg = Debug|x64
		{196ACC2E-D873-47E3-9521-4ABF2177E317}.Debug|x64.Build.0 = Debug|x64
		{196ACC2E-D873-47E3-9521-4ABF2177E317}.Debug|x64.Deploy.0 = Debug|x64
		{196ACC2E-D873-47E3-9521-4ABF2177E317}.Release|Win32.ActiveCfg = Release|Win32
		{196ACC2E-D873-47E3-9521-4ABF2177E317}.Release|Win32.Build.0 = Release|Win32
		{196ACC2E-D873-47E3-9521-4ABF2177E317}.Release|Win32.Deploy.0 = Release|Win32
		{196ACC2E-D873-47E3-9521-4ABF2177E317}.Release|x64.ActiveCfg = Release|x64
		{196ACC2E-D873-47E3-9521-4ABF2177E317}.Release|x64.Build.0 = Release|x64
		{196ACC2E-D873-47E3-9521-4ABF2177E317}.Release|x64.Deploy.0 = Release|x64
		{0C9CA9DD-534E-4AC9-8577-541BF8933557}.Debug|Win32.ActiveCfg = Debug|Win32
		{0C9CA9DD-534E-4AC9-8577-541BF8933557}.Debug|Win32.Build.0 = Debug|Win32
		{0C9CA9DD-534E-4AC9-8577-541BF8933557}.Debug|Win32.Deploy.0 = Debug|Win32
		{0C9CA9DD-534E-4AC9-8577-541BF8933557}.Debug|x64.ActiveCfg = Debug|x64
		{0C9CA9DD-534E-4AC9-8577-541BF8933557}.Debug|x64.Build.0 = Debug|x64
		{0C9CA9DD-534E-4AC9-8577-541BF8933557}.Debug|x64.Deploy.0 = Debug|x64
		{0C9CA9DD-534E-4AC9-8577-541BF8933557}.Release|Win32.ActiveCfg = Release|Win32
		{0C9CA9DD-534E-4AC9-8577-541BF8933557}.Release|Win32.Build.0 = Release|Win32
		{0C9CA9DD-534E-4AC9-8577-541BF8933557}.Release|Win32.Deploy.0 = Release|Win32
		{0C9CA9DD-534E-4AC9-8577-541BF8933557}.Release|x64.ActiveCfg = Release|x64
		{0C9CA9DD-534E-4AC9-8577-541BF8933557}.Release|x64.Build.0 = Release|x64
		{0C9CA9DD-534E-4AC9-8577-541BF8933557}.Release|x64.Deploy.0 = Release|x64
		{31F18C98-E589-4DB7-9FE9-48ACAFFC20C4}.Debug|Win32.ActiveCfg = Debug|Win32
		{31F18C98-E589-4DB7-9FE9-48ACAFFC20C4}.Debug|Win32.Build.0 = Debug|Win32
		{31F18C98-E589-4DB7-9FE9-48ACAFFC20C4}.Debug|Win32.Deploy.0 = Debug|Win32
		{31F18C98-E589-4DB7-9FE9-48ACAFFC20C4}.Debug|x64.ActiveCfg = Debug|x64
		{31F18C98-E589-4DB7-9FE9-48ACAFFC20C4}.Debug|x64.Build.0 = Debug|x64
		{31F18C98-E589-4DB7-9FE9-48ACAFFC20C4}.Debug|x64.Deploy.0 = Debug|x64
		{31F18C98-E589-4DB7-9FE9-48ACAFFC20C4}.Release|Win32.ActiveCfg = Release|Win32
		{31F18C98-E589-4DB7-9FE9-48ACAFFC20C4}.Release|Win32.Build.0 = Release|Win32
		{31F18C98-E589-4DB7-9FE9-48ACAFFC20C4}.Release|Win32.Deploy.0 = Release|Win32
		{31F18C98-E589-4DB7-9FE9-48ACAFFC20C4}.Release|x64.ActiveCfg = Release|x64
		{31F18C98-E589-4DB7-9FE9-48ACAFFC20C4}.Release|x64.Build.0 = Release|x64
		{31F18C98-E589-4DB7-9FE9-48ACAFFC20C4}.Release|x64.Deploy.0 = Release|x64
		{CAAD03E1-3138-4E7E-A83A-18EA9BF94E5A}.Debug|Win32.ActiveCfg = Debug|Win32
		{CAAD03E1-3138-4E7E-A83A-18EA9BF94E5A}.Debug|Win32.Build.0 = Debug|Win32
		{CAAD03E1-3138-4E7E-A83A-18EA9BF94E5A}.Debug|Win32.Deploy.0 = Debug|Win32
		{CAAD03E1-3138-4E7E-A83A-18EA9BF94E5A}.Debug|x64.ActiveCfg = Debug|x64
		{CAAD03E1-3138-4E7E-A83A-18EA9BF94E5A}.Debug|x64.Build.0 = Debug|x64
		{CAAD03E1-3138-4E7E-A83A-18EA9BF94E5A}.Debug|x64.Deploy.0 = Debug|x64
		{CAAD03E1-3138-4E7E-A83A-18EA9BF94E5A}.Release|Win32.ActiveCfg = Release|Win32
		{CAAD03E1-3138-4E7E-A83A-18EA9BF94E5A}.Release|Win32.Build.0 = Release|Win32
		{CAAD03E1-3138-4E7E-A83A-18EA9BF94E5A}.Release|Win32.Deploy.0 = Release|Win32
		{CAAD03E1-3138-4E7E-A83A-18EA9BF94E5A}.Release|x64.ActiveCfg = Release|x64
		{CAAD03E1-3138-4E7E-A83A-18EA9BF94E5A}.Release|x64.Build.0 = Release|x64
		{CAAD03E1-3138-4E7E-A83A-18EA9BF94E5A}.Release|x64.Deploy.0 = Release|x64
		{D2DEA1EE-3C54-4387-A407-F8F8DC4A2EE6}.Debug|Win32.ActiveCfg = Debug|Win32
		{D2DEA1EE-3C54-4387-A407-F8F8DC4A2EE6}.Debug|Win32.Build.0 = Debug|Win32
		{D2DEA1EE-3C54-4387-A407-F8F8DC4A2EE6}.Debug|Win32.Deploy.0 = Debug|Win32
		{D2DEA1EE-3C54-4387-A407-F8F8DC4A2EE6}.Debug|x64.ActiveCfg = Debug|x64
		{D2DEA1EE-3C54-4387-A407-F8F8DC4A2EE6}.Debug|x64.Build.0 = Debug|x64
		{D2DEA1EE-3C54-4387-A407-F8F8DC4A2EE6}.Debug|x64.Deploy.0 = Debug|x64
		{D2DEA1EE-3C54-4387-A407-F8F8DC4A2EE6}.Release|Win32.ActiveCfg = Release|Win32
		{D2DEA1EE-3C54-4387-A407-F8F8DC4A2EE6}.Release|Win32.Build.0 = Release|Win32
		{D2DEA1EE-3C54-4387-A407-F8F8DC4A2EE6}.Release|Win32.Deploy.0 = Release|Win32
		{D2DEA1EE-3C54-4387-A407-F8F8DC4A2EE6}.Release|x64.ActiveCfg = Release|x64
		{D2DEA1EE-3C54-4387-A407-F8F8DC4A2EE6}.Release|x64.Build.0 = Release|x64
		{D2DEA1EE-3C54-4387-A407-F8F8DC4A2EE6}.Release|x64.Deploy.0 = Release|x64
		{A235665D-131B-4E81-A82D-262D42DCAE79}.Debug|Win32.ActiveCfg = Debug|Win32
		{A235665D-131B-4E81-A82D-262D42DCAE79}.Debug|Win32.Build.0 = Debug|Win32
		{A235665D-131B-4E81-A82D-262D42DCAE79}.Debug|Win32.Deploy.0 = Debug|Win32
		{A235665D-131B-4E81-A82D-262D42DCAE79}.Debug|x64.ActiveCfg = Debug|x64
		{A235665D-131B-4E81-A82D-262D42DCAE79}.Debug|x64.Build.0 = Debug|x64
		{A235665D-131B-4E81-A82D-262D42DCAE79}.Debug|x64.Deploy.0 = Debug|x64
		{A235665D-131B-4E81-A82D-262D42DCAE79}.Release|Win32.ActiveCfg = Release|Win32
		{A235665D-131B-4E81-A82D-262D42DCAE79}.Release|Win32.Build.0 = Release|Win32
		{A235665D-131B-4E81-A82D-262D42DCAE79}.Release|Win32.Deploy.0 = Release|Win32
		{A235665D-131B-4E81-A82D-262D42DCAE79}.Release|x64.ActiveCfg = Release|x64
		{A235665D-131B-4E81-A82D-262D42DCAE79}.Release|x64.Build.0 = Release|x64
		{A235665D-131B-4E81-A82D-262D42DCAE79}.Release|x64.Deploy.0 = Release|x64
		{0F64D4E4-BABB-4898-BD90-288011077530}.Debug|Win32.ActiveCfg = Debug|Win32
		{0F64D4E4-BABB-4898-BD90-288011077530}.Debug|Win32.Build.0 = Debug|Win32
		{0F64D4E4-BABB-4898-BD90-288011077530}.Debug|Win32.Deploy.0 = Debug|Win32
		{0F64D4E4-BABB-4898-BD90-288011077530}.Debug|x64.ActiveCfg = Debug|x64
		{0F64D4E4-BABB-4898-BD90-288011077530}.Debug|x64.Build.0 = Debug|x64
		{0F64D4E4-BABB-4898-BD90-288011077530}.Debug|x64.Deploy.0 = Debug|x64
		{0F64D4E4-BABB-4898-BD90-288011077530}.Release|Win32.ActiveCfg = Release|Win32
		{0F64D4E4-BABB-4898-BD90-288011077530}.Release|Win32.Build.0 = Release|Win32
		{0F64D4E4-BABB-4898-BD90-288011077530}.Release|Win32.Deploy.0 = Release|Win32
		{0F64D4E4-BABB-4898-BD90-288011077530}.Release|x64.ActiveCfg = Release|x64
		{0F64D4E4-BABB-4898-BD90-288011077530}.Release|x64.Build.0 = Release|x64
		{0F64D4E4-BABB-4898-BD90-288011077530}.Release|x64.Deploy.0 = Release|x64
		{6C8FDBEF-DC6D-40F6-9FDD-DC50F46C2352}.Debug|Win32.ActiveCfg = Debug|Win32
		{6C8FDBEF-DC6D-40F6-9FDD-DC50F46C2352}.Debug|Win32.Build.0 = Debug|Win32
		{6C8FDBEF-DC6D-40F6-9FDD-DC50F46C2352}.Debug|Win32.Deploy.0 = Debug|Win32
		{6C8FDBEF-DC6D-40F6-9FDD-DC50F46C2352}.Debug|x64.ActiveCfg = Debug|x64
		{6C8FDBEF-DC6D-40F6-9FDD-DC50F46C2352}.Debug|x64.Build.0 = Debug|x64
		{6C8FDBEF-DC6D-40F6-9FDD-DC50F46C2352}.Debug|x64.Deploy.0 = Debug|x64
		{6C8FDBEF-DC6D-40F6-9FDD-DC50F46C2352}.Release|Win32.ActiveCfg = Release|Win32
		{6C8FDBEF-DC6D-40F6-9FDD-DC50F46C2352}.Release|Win32.Build.0 = Release|Win32
		{6C8FDBEF-DC6D-40F6-9FDD-DC50F46C2352}.Release|Win32.Deploy.0 = Release|Win32
		{6C8FDBEF-DC6D-40F6-9FDD-DC50F46C2352}.Release|x64.ActiveCfg = Release|x64
		{6C8FDBEF-DC6D-40F6-9FDD-DC50F46C2352}.Release|x64.Build.0 = Release|x64
		{6C8FDBEF-DC6D-40F6-9FDD-DC50F46C2352}.Release|x64.Deploy.0 = Release|x64
		{ED755BD8-A3A0-4FAF-A973-AC1572ED0F6D}.Debug|Win32.ActiveCfg = Debug|Win32
		{ED755BD8-A3A0-4FAF-A973-AC1572ED0F6D}.Debug|Win32.Build.0 = Debug|Win32
		{ED755BD8-A3A0-4FAF-A973-AC1572ED0F6D}.Debug|Win32.Deploy.0 = Debug|Win32
		{ED755BD8-A3A0-4FAF-A973-AC1572ED0F6D}.Debug|x64.ActiveCfg = Debug|x64
		{ED755BD8-A3A0-4FAF-A973-AC1572ED0F6D}.Debug|x64.Build.0 = Debug|x64
		{ED755BD8-A3A0-4FAF-A973-AC1572ED0F6D}.Debug|x64.Deploy.0 = Debug|x64
		{ED755BD8-A3A0-4FAF-A973-AC1572ED0F6D}.Release|Win32.ActiveCfg = Release|Win32
		{ED755BD8-A3A0-4FAF-A973-AC1572ED0F6D}.Release|Win32.Build.0 = Release|Win32
		{ED755BD8-A3A0-4FAF-A973-AC1572ED0F6D}.Release|Win32.Deploy.0 = Release|Win32
		{ED755BD8-A3A0-4FAF-A973-AC1572ED0F6D}.Release|x64.ActiveCfg = Release|x64
		{ED755BD8-A3A0-4FAF-A973-AC1572ED0F6D}.Release|x64.Build.0 = Release|x64
		{ED755BD8-A3A0-4FAF-A973-AC1572ED0F6D}.Release|x64.Deploy.0 = Release|x64
		{4B1A413E-3EA7-4D03-B16A-61FF974D5D77}.Debug|Win32.ActiveCfg = Debug|Win32
		{4B1A413E-3EA7-4D03-B16A-61FF974D5D77}.Debug|Win32.Build.0 = Debug|Win32
		{4B1A413E-3EA7-4D03-B16A-61FF974D5D77}.Debug|Win32.Deploy.0 = Debug|Win32
		{4B1A413E-3EA7-4D03-B16A-61FF974D5D77}.Debug|x64.ActiveCfg = Debug|x64
		{4B1A413E-3EA7-4D03-B16A-61FF974D5D77}.Debug|x64.Build.0 = Debug|x64
		{4B1A413E-3EA7-4D03-B16A-61FF974D5D77}.Debug|x64.Deploy.0 = Debug|x64
		{4B1A413E-3EA7-4D03-B16A-61FF974D5D77}.Release|Win32.ActiveCfg = Release|Win32
		{4B1A413E-3EA7-4D03-B16A-61FF974D5D77}.Release|Win32.Build.0 = Release|Win32
		{4B1A413E-3EA7-4D03-B16A-61FF974D5D77}.Release|Win32.Deploy.0 = Release|Win32
		{4B1A413E-3EA7-4D03-B16A-61FF974D5D77}.Release|x64.ActiveCfg = Release|x64
		{4B1A413E-3EA7-4D03-B16A-61FF974D5D77}.Release|x64.Build.0 = Release|x64
		{4B1A413E-3EA7-4D03-B16A-61FF974D5D77}.Release|x64.Deploy.0 = Release|x64
		{0A00E1B1-3524-4A64-B462-D4B3A7AFE1F5}.Debug|Win32.ActiveCfg = Debug|Win32
		{0A00E1B1-3524-4A64-B462-D4B3A7AFE1F5}.Debug|Win32.Build.0 = Debug|Win32
		{0A00E1B1-3524-4A64-B462-D4B3A7AFE1F5}.Debug|Win32.Deploy.0 = Debug|Win32
		{0A00E1B1-3524-4A64-B462-D4B3A7AFE1F5}.Debug|x64.ActiveCfg = Debug|x64
		{0A00E1B1-3524-4A64-B462-D4B3A7AFE1F5}.Debug|x64.Build.0 = Debug|x64
		{0A00E1B1-3524-4A64-B462-D4B3A7AFE1F5}.Debug|x64.Deploy.0 = Debug|x64
		{0A00E1B1-3524-4A64-B462-D4B3A7AFE1F5}.Release|Win32.ActiveCfg = Release|Win32
		{0A00E1B1-3524-4A64-B462-D4B3A7AFE1F5}.Release|Win32.Build.0 = Release|Win32
		{0A00E1B1-3524-4A64-B462-D4B3A7AFE1F5}.Release|Win32.Deploy.0 = Release|Win32
		{0A00E1B1-3524-4A64-B462-D4B3A7AFE1F5}.Release|x64.ActiveCfg = Release|x64
		{0A00E1B1-3524-4A64-B462-D4B3A7AFE1F5}.Release|x64.Build.0 = Release|x64
		{0A00E1B1-3524-4A64-B462-D4B3A7AFE1F5}.Release|x64.Deploy.0 = Release|x64
		{EABE9B92-4C22-42E8-A730-A52199D31DDC}.Debug|Win32.ActiveCfg = Debug|Win32
		{EABE9B92-4C22-42E8-A730-A52199D31DDC}.Debug|Win32.Build.0 = Debug|Win32
		{EABE9B92-4C22-42E8-A730-A52199D31DDC}.Debug|Win32.Deploy.0 = Debug|Win32
		{EABE9B92-4C22-42E8-A730-A52199D31DDC}.Debug|x64.ActiveCfg = Debug|x64
		{EABE9B92-4C22-42E8-A730-A52199D31DDC}.Debug|x64.Build.0 = Debug|x64
		{EABE9B92-4C22-42E8-A730-A52199D31DDC}.Debug|x64.Deploy.0 = Debug|x64
		{EABE9B92-4C22-42E8-A730-A52199D31DDC}.Release|Win32.ActiveCfg = Release|Win32
		{EABE9B92-4C22-42E8-A730-A52199D31DDC}.Release|Win32.Build.0 = Release|Win32
		{EABE9B92-4C22-42E8-A730-A52199D31DDC}.Release|Win32.Deploy.0 = Release|Win32
		{EABE9B92-4C22-42E8-A730-A52199D31DDC}.Release|x64.ActiveCfg = Release|x64
		{EABE9B92-4C22-42E8-A730-A52199D31DDC}.Release|x64.Build.0 = Release|x64
		{EABE9B92-4C22-42E8-A730-A52199D31DDC}.Release|x64.Deploy.0 = Release|x64
		{301AC5EE-8D9E-4385-A92C-C7B0E8A0268A}.Debug|Win32.ActiveCfg = Debug|Win32
		{301AC5EE-8D9E-4385-A92C-C7B0E8A0268A}.Debug|Win32.Build.0 = Debug|Win32
		{301AC5EE-8D9E-4385-A92C-C7B0E8A0268A}.Debug|Win32.Deploy.0 = Debug|Win32
		{301AC5EE-8D9E-4385-A92C-C7B0E8A0268A}.Debug|x64.ActiveCfg = Debug|x64
		{301AC5EE-8D9E-4385-A92C-C7B0E8A0268A}.Debug|x64.Build.0 = Debug|x64
		{301AC5EE-8D9E-4385-A92C-C7B0E8A0268A}.Debug|x64.Deploy.0 = Debug|x64
		{301AC5EE-8D9E-4385-A92C-C7B0E8A0268A}.Release|Win32.ActiveCfg = Release|Win32
		{301AC5EE-8D9E-4385-A92C-C7B0E8A0268A}.Release|Win32.Build.0 = Release|Win32
		{301AC5EE-8D9E-4385-A92C-C7B0E8A0268A}.Release|Win32.Deploy.0 = Release|Win32
		{301AC5EE-8D9E-4385-A92C-C7B0E8A0268A}.Release|x64.ActiveCfg = Release|x64
		{301AC5EE-8D9E-4385-A92C-C7B0E8A0268A}.Release|x64.Build.0 = Release|x64
		{301AC5EE-8D9E-4385-A92C-C7B0E8A0268A}.Release|x64.Deploy.0 = Release|x64
		{AB509102-856A-4226-95AC-E754DA60E935}.Debug|Win32.ActiveCfg = Debug|Win32
		{AB509102-856A-4226-95AC-E754DA60E935}.Debug|Win32.Build.0 = Debug|Win32
		{AB509102-856A-4226-95AC-E754DA60E935}.Debug|Win32.Deploy.0 = Debug|Win32
		{AB509102-856A-4226-95AC-E754DA60E935}.Debug|x64.ActiveCfg = Debug|x64
		{AB509102-856A-4226-95AC-E754DA60E935}.Debug|x64.Build.0 = Debug|x64
		{AB509102-856A-4226-95AC-E754DA60E935}.Debug|x64.Deploy.0 = Debug|x64
		{AB509102-856A-4226-95AC-E754DA60E935}.Release|Win32.ActiveCfg = Release|Win32
		{AB509102-856A-4226-95AC-E754DA60E935}.Release|Win32.Build.0 = Release|Win32
		{AB509102-856A-4226-95AC-E754DA60E935}.Release|Win32.Deploy.0 = Release|Win32
		{AB509102-856A-4226-95AC-E754DA60E935}.Release|x64.ActiveCfg = Release|x64
		{AB509102-856A-4226-95AC-E754DA60E935}.Release|x64.Build.0 = Release|x64
		{AB509102-856A-4226-95AC-E754DA60E935}.Release|x64.Deploy.0 = Release|x64
		{7CDE6F23-5C8D-4B5C-B24F-D3580C79FA80}.Debug|Win32.ActiveCfg = Debug|Win32
		{7CDE6F23-5C8D-4B5C-B24F-D3580C79FA80}.Debug|Win32.Build.0 = Debug|Win32
		{7CDE6F23-5C8D-4B5C-B24F-D3580C79FA80}.Debug|Win32.Deploy.0 = Debug|Win32
		{7CDE6F23-5C8D-4B5C-B24F-D3580C79FA80}.Debug|x64.ActiveCfg = Debug|x64
		{7CDE6F23-5C8D-4B5C-B24F-D3580C79FA80}.Debug|x64.Build.0 = Debug|x64
		{7CDE6F23-5C8D-4B5C-B24F-D3580C79FA80}.Debug|x64.Deploy.0 = Debug|x64
		{7CDE6F23-5C8D-4B5C-B24F-D3580C79FA80}.Release|Win32.ActiveCfg = Release|Win32
		{7CDE6F23-5C8D-4B5C-B24F-D3580C79FA80}.Release|Win32.Build.0 = Release|Win32
		{7CDE6F23-5C8D-4B5C-B24F-D3580C79FA80}.Release|Win32.Deploy.0 = Release|Win32
		{7CDE6F23-5C8D-4B5C-B24F-D3580C79FA80}.Release|x64.ActiveCfg = Release|x64
		{7CDE6F23-5C8D-4B5C-B24F-D3580C79FA80}.Release|x64.Build.0 = Release|x64
		{7CDE6F23-5C8D-4B5C-B24F-D3580C79FA80}.Release|x64.Deploy.0 = Release|x64
	EndGlobalSection
	GlobalSection(SolutionProperties) = preSolution
		HideSolutionNode = FALSE
	EndGlobalSection
EndGlobal
