
Microsoft Visual Studio Solution File, Format Version 11.00
# Visual Studio Version 16
Project("{8BC9CEB8-8B4A-11D0-8D11-00A0C91BC942}") = "3d", "3d.vcxproj", "{7FE6D910-672B-4EEC-A986-5317F95EDC75}"
EndProject
Project("{8BC9CEB8-8B4A-11D0-8D11-00A0C91BC942}") = "3d_multi", "3d_multi.vcxproj", "{BA634B47-DF3E-4519-81FB-9872E47CF328}"
EndProject
Project("{8BC9CEB8-8B4A-11D0-8D11-00A0C91BC942}") = "event_parameter", "event_parameter.vcxproj", "{5E5640BD-D3B3-40DC-897D-70FEDA2D8B38}"
EndProject
Project("{8BC9CEB8-8B4A-11D0-8D11-00A0C91BC942}") = "load_banks", "load_banks.vcxproj", "{32601AD1-BFC5-4744-929A-D5850537FB98}"
EndProject
Project("{8BC9CEB8-8B4A-11D0-8D11-00A0C91BC942}") = "music_callbacks", "music_callbacks.vcxproj", "{0044D70D-595D-4DF4-B909-ACF1B930ED7A}"
EndProject
Project("{8BC9CEB8-8B4A-11D0-8D11-00A0C91BC942}") = "objectpan", "objectpan.vcxproj", "{1B72FF31-8011-4473-968E-E42EA587AF94}"
EndProject
Project("{8BC9CEB8-8B4A-11D0-8D11-00A0C91BC942}") = "programmer_sound", "programmer_sound.vcxproj", "{F0B9AD2F-0641-486B-AE7C-E2E6150A0FA0}"
EndProject
Project("{8BC9CEB8-8B4A-11D0-8D11-00A0C91BC942}") = "recording_playback", "recording_playback.vcxproj", "{E53D3EA8-B47A-4B3D-8739-DBB02BEDF0F8}"
EndProject
Project("{8BC9CEB8-8B4A-11D0-8D11-00A0C91BC942}") = "simple_event", "simple_event.vcxproj", "{81465604-C002-43D6-A1E4-529F7227C119}"
EndProject
Global
	GlobalSection(SolutionConfigurationPlatforms) = preSolution
		Debug|Win32 = Debug|Win32
		Debug|x64 = Debug|x64
		Release|Win32 = Release|Win32
		Release|x64 = Release|x64
	EndGlobalSection
	GlobalSection(ProjectConfigurationPlatforms) = postSolution
		{7FE6D910-672B-4EEC-A986-5317F95EDC75}.Debug|Win32.ActiveCfg = Debug|Win32
		{7FE6D910-672B-4EEC-A986-5317F95EDC75}.Debug|Win32.Build.0 = Debug|Win32
		{7FE6D910-672B-4EEC-A986-5317F95EDC75}.Debug|Win32.Deploy.0 = Debug|Win32
		{7FE6D910-672B-4EEC-A986-5317F95EDC75}.Debug|x64.ActiveCfg = Debug|x64
		{7FE6D910-672B-4EEC-A986-5317F95EDC75}.Debug|x64.Build.0 = Debug|x64
		{7FE6D910-672B-4EEC-A986-5317F95EDC75}.Debug|x64.Deploy.0 = Debug|x64
		{7FE6D910-672B-4EEC-A986-5317F95EDC75}.Release|Win32.ActiveCfg = Release|Win32
		{7FE6D910-672B-4EEC-A986-5317F95EDC75}.Release|Win32.Build.0 = Release|Win32
		{7FE6D910-672B-4EEC-A986-5317F95EDC75}.Release|Win32.Deploy.0 = Release|Win32
		{7FE6D910-672B-4EEC-A986-5317F95EDC75}.Release|x64.ActiveCfg = Release|x64
		{7FE6D910-672B-4EEC-A986-5317F95EDC75}.Release|x64.Build.0 = Release|x64
		{7FE6D910-672B-4EEC-A986-5317F95EDC75}.Release|x64.Deploy.0 = Release|x64
		{BA634B47-DF3E-4519-81FB-9872E47CF328}.Debug|Win32.ActiveCfg = Debug|Win32
		{BA634B47-DF3E-4519-81FB-9872E47CF328}.Debug|Win32.Build.0 = Debug|Win32
		{BA634B47-DF3E-4519-81FB-9872E47CF328}.Debug|Win32.Deploy.0 = Debug|Win32
		{BA634B47-DF3E-4519-81FB-9872E47CF328}.Debug|x64.ActiveCfg = Debug|x64
		{BA634B47-DF3E-4519-81FB-9872E47CF328}.Debug|x64.Build.0 = Debug|x64
		{BA634B47-DF3E-4519-81FB-9872E47CF328}.Debug|x64.Deploy.0 = Debug|x64
		{BA634B47-DF3E-4519-81FB-9872E47CF328}.Release|Win32.ActiveCfg = Release|Win32
		{BA634B47-DF3E-4519-81FB-9872E47CF328}.Release|Win32.Build.0 = Release|Win32
		{BA634B47-DF3E-4519-81FB-9872E47CF328}.Release|Win32.Deploy.0 = Release|Win32
		{BA634B47-DF3E-4519-81FB-9872E47CF328}.Release|x64.ActiveCfg = Release|x64
		{BA634B47-DF3E-4519-81FB-9872E47CF328}.Release|x64.Build.0 = Release|x64
		{BA634B47-DF3E-4519-81FB-9872E47CF328}.Release|x64.Deploy.0 = Release|x64
		{5E5640BD-D3B3-40DC-897D-70FEDA2D8B38}.Debug|Win32.ActiveCfg = Debug|Win32
		{5E5640BD-D3B3-40DC-897D-70FEDA2D8B38}.Debug|Win32.Build.0 = Debug|Win32
		{5E5640BD-D3B3-40DC-897D-70FEDA2D8B38}.Debug|Win32.Deploy.0 = Debug|Win32
		{5E5640BD-D3B3-40DC-897D-70FEDA2D8B38}.Debug|x64.ActiveCfg = Debug|x64
		{5E5640BD-D3B3-40DC-897D-70FEDA2D8B38}.Debug|x64.Build.0 = Debug|x64
		{5E5640BD-D3B3-40DC-897D-70FEDA2D8B38}.Debug|x64.Deploy.0 = Debug|x64
		{5E5640BD-D3B3-40DC-897D-70FEDA2D8B38}.Release|Win32.ActiveCfg = Release|Win32
		{5E5640BD-D3B3-40DC-897D-70FEDA2D8B38}.Release|Win32.Build.0 = Release|Win32
		{5E5640BD-D3B3-40DC-897D-70FEDA2D8B38}.Release|Win32.Deploy.0 = Release|Win32
		{5E5640BD-D3B3-40DC-897D-70FEDA2D8B38}.Release|x64.ActiveCfg = Release|x64
		{5E5640BD-D3B3-40DC-897D-70FEDA2D8B38}.Release|x64.Build.0 = Release|x64
		{5E5640BD-D3B3-40DC-897D-70FEDA2D8B38}.Release|x64.Deploy.0 = Release|x64
		{32601AD1-BFC5-4744-929A-D5850537FB98}.Debug|Win32.ActiveCfg = Debug|Win32
		{32601AD1-BFC5-4744-929A-D5850537FB98}.Debug|Win32.Build.0 = Debug|Win32
		{32601AD1-BFC5-4744-929A-D5850537FB98}.Debug|Win32.Deploy.0 = Debug|Win32
		{32601AD1-BFC5-4744-929A-D5850537FB98}.Debug|x64.ActiveCfg = Debug|x64
		{32601AD1-BFC5-4744-929A-D5850537FB98}.Debug|x64.Build.0 = Debug|x64
		{32601AD1-BFC5-4744-929A-D5850537FB98}.Debug|x64.Deploy.0 = Debug|x64
		{32601AD1-BFC5-4744-929A-D5850537FB98}.Release|Win32.ActiveCfg = Release|Win32
		{32601AD1-BFC5-4744-929A-D5850537FB98}.Release|Win32.Build.0 = Release|Win32
		{32601AD1-BFC5-4744-929A-D5850537FB98}.Release|Win32.Deploy.0 = Release|Win32
		{32601AD1-BFC5-4744-929A-D5850537FB98}.Release|x64.ActiveCfg = Release|x64
		{32601AD1-BFC5-4744-929A-D5850537FB98}.Release|x64.Build.0 = Release|x64
		{32601AD1-BFC5-4744-929A-D5850537FB98}.Release|x64.Deploy.0 = Release|x64
		{0044D70D-595D-4DF4-B909-ACF1B930ED7A}.Debug|Win32.ActiveCfg = Debug|Win32
		{0044D70D-595D-4DF4-B909-ACF1B930ED7A}.Debug|Win32.Build.0 = Debug|Win32
		{0044D70D-595D-4DF4-B909-ACF1B930ED7A}.Debug|Win32.Deploy.0 = Debug|Win32
		{0044D70D-595D-4DF4-B909-ACF1B930ED7A}.Debug|x64.ActiveCfg = Debug|x64
		{0044D70D-595D-4DF4-B909-ACF1B930ED7A}.Debug|x64.Build.0 = Debug|x64
		{0044D70D-595D-4DF4-B909-ACF1B930ED7A}.Debug|x64.Deploy.0 = Debug|x64
		{0044D70D-595D-4DF4-B909-ACF1B930ED7A}.Release|Win32.ActiveCfg = Release|Win32
		{0044D70D-595D-4DF4-B909-ACF1B930ED7A}.Release|Win32.Build.0 = Release|Win32
		{0044D70D-595D-4DF4-B909-ACF1B930ED7A}.Release|Win32.Deploy.0 = Release|Win32
		{0044D70D-595D-4DF4-B909-ACF1B930ED7A}.Release|x64.ActiveCfg = Release|x64
		{0044D70D-595D-4DF4-B909-ACF1B930ED7A}.Release|x64.Build.0 = Release|x64
		{0044D70D-595D-4DF4-B909-ACF1B930ED7A}.Release|x64.Deploy.0 = Release|x64
		{1B72FF31-8011-4473-968E-E42EA587AF94}.Debug|Win32.ActiveCfg = Debug|Win32
		{1B72FF31-8011-4473-968E-E42EA587AF94}.Debug|Win32.Build.0 = Debug|Win32
		{1B72FF31-8011-4473-968E-E42EA587AF94}.Debug|Win32.Deploy.0 = Debug|Win32
		{1B72FF31-8011-4473-968E-E42EA587AF94}.Debug|x64.ActiveCfg = Debug|x64
		{1B72FF31-8011-4473-968E-E42EA587AF94}.Debug|x64.Build.0 = Debug|x64
		{1B72FF31-8011-4473-968E-E42EA587AF94}.Debug|x64.Deploy.0 = Debug|x64
		{1B72FF31-8011-4473-968E-E42EA587AF94}.Release|Win32.ActiveCfg = Release|Win32
		{1B72FF31-8011-4473-968E-E42EA587AF94}.Release|Win32.Build.0 = Release|Win32
		{1B72FF31-8011-4473-968E-E42EA587AF94}.Release|Win32.Deploy.0 = Release|Win32
		{1B72FF31-8011-4473-968E-E42EA587AF94}.Release|x64.ActiveCfg = Release|x64
		{1B72FF31-8011-4473-968E-E42EA587AF94}.Release|x64.Build.0 = Release|x64
		{1B72FF31-8011-4473-968E-E42EA587AF94}.Release|x64.Deploy.0 = Release|x64
		{F0B9AD2F-0641-486B-AE7C-E2E6150A0FA0}.Debug|Win32.ActiveCfg = Debug|Win32
		{F0B9AD2F-0641-486B-AE7C-E2E6150A0FA0}.Debug|Win32.Build.0 = Debug|Win32
		{F0B9AD2F-0641-486B-AE7C-E2E6150A0FA0}.Debug|Win32.Deploy.0 = Debug|Win32
		{F0B9AD2F-0641-486B-AE7C-E2E6150A0FA0}.Debug|x64.ActiveCfg = Debug|x64
		{F0B9AD2F-0641-486B-AE7C-E2E6150A0FA0}.Debug|x64.Build.0 = Debug|x64
		{F0B9AD2F-0641-486B-AE7C-E2E6150A0FA0}.Debug|x64.Deploy.0 = Debug|x64
		{F0B9AD2F-0641-486B-AE7C-E2E6150A0FA0}.Release|Win32.ActiveCfg = Release|Win32
		{F0B9AD2F-0641-486B-AE7C-E2E6150A0FA0}.Release|Win32.Build.0 = Release|Win32
		{F0B9AD2F-0641-486B-AE7C-E2E6150A0FA0}.Release|Win32.Deploy.0 = Release|Win32
		{F0B9AD2F-0641-486B-AE7C-E2E6150A0FA0}.Release|x64.ActiveCfg = Release|x64
		{F0B9AD2F-0641-486B-AE7C-E2E6150A0FA0}.Release|x64.Build.0 = Release|x64
		{F0B9AD2F-0641-486B-AE7C-E2E6150A0FA0}.Release|x64.Deploy.0 = Release|x64
		{E53D3EA8-B47A-4B3D-8739-DBB02BEDF0F8}.Debug|Win32.ActiveCfg = Debug|Win32
		{E53D3EA8-B47A-4B3D-8739-DBB02BEDF0F8}.Debug|Win32.Build.0 = Debug|Win32
		{E53D3EA8-B47A-4B3D-8739-DBB02BEDF0F8}.Debug|Win32.Deploy.0 = Debug|Win32
		{E53D3EA8-B47A-4B3D-8739-DBB02BEDF0F8}.Debug|x64.ActiveCfg = Debug|x64
		{E53D3EA8-B47A-4B3D-8739-DBB02BEDF0F8}.Debug|x64.Build.0 = Debug|x64
		{E53D3EA8-B47A-4B3D-8739-DBB02BEDF0F8}.Debug|x64.Deploy.0 = Debug|x64
		{E53D3EA8-B47A-4B3D-8739-DBB02BEDF0F8}.Release|Win32.ActiveCfg = Release|Win32
		{E53D3EA8-B47A-4B3D-8739-DBB02BEDF0F8}.Release|Win32.Build.0 = Release|Win32
		{E53D3EA8-B47A-4B3D-8739-DBB02BEDF0F8}.Release|Win32.Deploy.0 = Release|Win32
		{E53D3EA8-B47A-4B3D-8739-DBB02BEDF0F8}.Release|x64.ActiveCfg = Release|x64
		{E53D3EA8-B47A-4B3D-8739-DBB02BEDF0F8}.Release|x64.Build.0 = Release|x64
		{E53D3EA8-B47A-4B3D-8739-DBB02BEDF0F8}.Release|x64.Deploy.0 = Release|x64
		{81465604-C002-43D6-A1E4-529F7227C119}.Debug|Win32.ActiveCfg = Debug|Win32
		{81465604-C002-43D6-A1E4-529F7227C119}.Debug|Win32.Build.0 = Debug|Win32
		{81465604-C002-43D6-A1E4-529F7227C119}.Debug|Win32.Deploy.0 = Debug|Win32
		{81465604-C002-43D6-A1E4-529F7227C119}.Debug|x64.ActiveCfg = Debug|x64
		{81465604-C002-43D6-A1E4-529F7227C119}.Debug|x64.Build.0 = Debug|x64
		{81465604-C002-43D6-A1E4-529F7227C119}.Debug|x64.Deploy.0 = Debug|x64
		{81465604-C002-43D6-A1E4-529F7227C119}.Release|Win32.ActiveCfg = Release|Win32
		{81465604-C002-43D6-A1E4-529F7227C119}.Release|Win32.Build.0 = Release|Win32
		{81465604-C002-43D6-A1E4-529F7227C119}.Release|Win32.Deploy.0 = Release|Win32
		{81465604-C002-43D6-A1E4-529F7227C119}.Release|x64.ActiveCfg = Release|x64
		{81465604-C002-43D6-A1E4-529F7227C119}.Release|x64.Build.0 = Release|x64
		{81465604-C002-43D6-A1E4-529F7227C119}.Release|x64.Deploy.0 = Release|x64
	EndGlobalSection
	GlobalSection(SolutionProperties) = preSolution
		HideSolutionNode = FALSE
	EndGlobalSection
EndGlobal
