
Microsoft Visual Studio Solution File, Format Version 11.00
# Visual Studio Version 16
Project("{8BC9CEB8-8B4A-11D0-8D11-00A0C91BC942}") = "3d", "3d.vcxproj", "{1AE8F98B-B981-4ABB-A201-9AE0BC32A9CF}"
EndProject
Project("{8BC9CEB8-8B4A-11D0-8D11-00A0C91BC942}") = "asyncio", "asyncio.vcxproj", "{3C78D3B7-8696-4D9B-A076-980333A0F752}"
EndProject
Project("{8BC9CEB8-8B4A-11D0-8D11-00A0C91BC942}") = "channel_groups", "channel_groups.vcxproj", "{CCE18618-109C-44F5-B861-164356F01335}"
EndProject
Project("{8BC9CEB8-8B4A-11D0-8D11-00A0C91BC942}") = "convolution_reverb", "convolution_reverb.vcxproj", "{72208F62-FA96-421F-8F01-9A06490F5BDE}"
EndProject
Project("{8BC9CEB8-8B4A-11D0-8D11-00A0C91BC942}") = "dsp_custom", "dsp_custom.vcxproj", "{CCE3B003-9F31-47D2-8671-D7350276CD40}"
EndProject
Project("{8BC9CEB8-8B4A-11D0-8D11-00A0C91BC942}") = "dsp_effect_per_speaker", "dsp_effect_per_speaker.vcxproj", "{33579189-7B08-4D3B-BC8A-3C3D2463AE49}"
EndProject
Project("{8BC9CEB8-8B4A-11D0-8D11-00A0C91BC942}") = "dsp_inspector", "dsp_inspector.vcxproj", "{62844F0A-734D-4661-81D9-E69E4BA4FD57}"
EndProject
Project("{8BC9CEB8-8B4A-11D0-8D11-00A0C91BC942}") = "effects", "effects.vcxproj", "{051FC933-F8CE-4753-A4C9-C273EBFE4D49}"
EndProject
Project("{8BC9CEB8-8B4A-11D0-8D11-00A0C91BC942}") = "gapless_playback", "gapless_playback.vcxproj", "{15818566-3976-4989-A11C-E40CCB3C90C9}"
EndProject
Project("{8BC9CEB8-8B4A-11D0-8D11-00A0C91BC942}") = "generate_tone", "generate_tone.vcxproj", "{C6A136D2-15D2-43D7-A75D-9B5433CF5419}"
EndProject
Project("{8BC9CEB8-8B4A-11D0-8D11-00A0C91BC942}") = "granular_synth", "granular_synth.vcxproj", "{CE5757AD-73B6-43FD-B29A-C54F09708889}"
EndProject
Project("{8BC9CEB8-8B4A-11D0-8D11-00A0C91BC942}") = "load_from_memory", "load_from_memory.vcxproj", "{09DF304D-D1E8-43BD-9BD8-E1EC6A52CA90}"
EndProject
Project("{8BC9CEB8-8B4A-11D0-8D11-00A0C91BC942}") = "multiple_speaker", "multiple_speaker.vcxproj", "{D0D79BCB-A062-4B9F-B1B6-15861ABF2703}"
EndProject
Project("{8BC9CEB8-8B4A-11D0-8D11-00A0C91BC942}") = "multiple_system", "multiple_system.vcxproj", "{C367D233-EE27-4AC9-AD3D-9EF7C7118951}"
EndProject
Project("{8BC9CEB8-8B4A-11D0-8D11-00A0C91BC942}") = "net_stream", "net_stream.vcxproj", "{B6A26AB3-4D58-4A36-80C4-C913DAD6DB60}"
EndProject
Project("{8BC9CEB8-8B4A-11D0-8D11-00A0C91BC942}") = "play_sound", "play_sound.vcxproj", "{2C7E4767-7A7C-4B32-B09C-6EF830B31BB0}"
EndProject
Project("{8BC9CEB8-8B4A-11D0-8D11-00A0C91BC942}") = "play_stream", "play_stream.vcxproj", "{DD6E4CCD-C507-4E16-B032-D361A2FC4E6D}"
EndProject
Project("{8BC9CEB8-8B4A-11D0-8D11-00A0C91BC942}") = "record", "record.vcxproj", "{A68D2996-2568-4BBA-973B-CDC6E2E655ED}"
EndProject
Project("{8BC9CEB8-8B4A-11D0-8D11-00A0C91BC942}") = "record_enumeration", "record_enumeration.vcxproj", "{55ED2FFC-B034-46AE-A81A-44652BB4F5C3}"
EndProject
Project("{8BC9CEB8-8B4A-11D0-8D11-00A0C91BC942}") = "user_created_sound", "user_created_sound.vcxproj", "{AD2B877A-D3C2-4BEC-9B8A-29EAAB6421B4}"
EndProject
Project("{8BC9CEB8-8B4A-11D0-8D11-00A0C91BC942}") = "fmod_codec_raw", "fmod_codec_raw.vcxproj", "{2BA05342-A19C-44DD-8ACC-7563B8B5F30F}"
EndProject
Project("{8BC9CEB8-8B4A-11D0-8D11-00A0C91BC942}") = "fmod_distance_filter", "fmod_distance_filter.vcxproj", "{711F9E8F-BA10-428D-B35A-7D32939FDD79}"
EndProject
Project("{8BC9CEB8-8B4A-11D0-8D11-00A0C91BC942}") = "fmod_gain", "fmod_gain.vcxproj", "{9CF70C9B-6937-458D-B901-964BC9453CF8}"
EndProject
Project("{8BC9CEB8-8B4A-11D0-8D11-00A0C91BC942}") = "fmod_noise", "fmod_noise.vcxproj", "{3382AFD7-04DE-4D13-9A9F-0F4F5E371D3E}"
EndProject
Project("{8BC9CEB8-8B4A-11D0-8D11-00A0C91BC942}") = "output_mp3", "output_mp3.vcxproj", "{E0F98884-B295-495B-A146-3B71E06B4A94}"
EndProject
Global
	GlobalSection(SolutionConfigurationPlatforms) = preSolution
		Debug|Win32 = Debug|Win32
		Debug|x64 = Debug|x64
		Release|Win32 = Release|Win32
		Release|x64 = Release|x64
	EndGlobalSection
	GlobalSection(ProjectConfigurationPlatforms) = postSolution
		{1AE8F98B-B981-4ABB-A201-9AE0BC32A9CF}.Debug|Win32.ActiveCfg = Debug|Win32
		{1AE8F98B-B981-4ABB-A201-9AE0BC32A9CF}.Debug|Win32.Build.0 = Debug|Win32
		{1AE8F98B-B981-4ABB-A201-9AE0BC32A9CF}.Debug|Win32.Deploy.0 = Debug|Win32
		{1AE8F98B-B981-4ABB-A201-9AE0BC32A9CF}.Debug|x64.ActiveCfg = Debug|x64
		{1AE8F98B-B981-4ABB-A201-9AE0BC32A9CF}.Debug|x64.Build.0 = Debug|x64
		{1AE8F98B-B981-4ABB-A201-9AE0BC32A9CF}.Debug|x64.Deploy.0 = Debug|x64
		{1AE8F98B-B981-4ABB-A201-9AE0BC32A9CF}.Release|Win32.ActiveCfg = Release|Win32
		{1AE8F98B-B981-4ABB-A201-9AE0BC32A9CF}.Release|Win32.Build.0 = Release|Win32
		{1AE8F98B-B981-4ABB-A201-9AE0BC32A9CF}.Release|Win32.Deploy.0 = Release|Win32
		{1AE8F98B-B981-4ABB-A201-9AE0BC32A9CF}.Release|x64.ActiveCfg = Release|x64
		{1AE8F98B-B981-4ABB-A201-9AE0BC32A9CF}.Release|x64.Build.0 = Release|x64
		{1AE8F98B-B981-4ABB-A201-9AE0BC32A9CF}.Release|x64.Deploy.0 = Release|x64
		{3C78D3B7-8696-4D9B-A076-980333A0F752}.Debug|Win32.ActiveCfg = Debug|Win32
		{3C78D3B7-8696-4D9B-A076-980333A0F752}.Debug|Win32.Build.0 = Debug|Win32
		{3C78D3B7-8696-4D9B-A076-980333A0F752}.Debug|Win32.Deploy.0 = Debug|Win32
		{3C78D3B7-8696-4D9B-A076-980333A0F752}.Debug|x64.ActiveCfg = Debug|x64
		{3C78D3B7-8696-4D9B-A076-980333A0F752}.Debug|x64.Build.0 = Debug|x64
		{3C78D3B7-8696-4D9B-A076-980333A0F752}.Debug|x64.Deploy.0 = Debug|x64
		{3C78D3B7-8696-4D9B-A076-980333A0F752}.Release|Win32.ActiveCfg = Release|Win32
		{3C78D3B7-8696-4D9B-A076-980333A0F752}.Release|Win32.Build.0 = Release|Win32
		{3C78D3B7-8696-4D9B-A076-980333A0F752}.Release|Win32.Deploy.0 = Release|Win32
		{3C78D3B7-8696-4D9B-A076-980333A0F752}.Release|x64.ActiveCfg = Release|x64
		{3C78D3B7-8696-4D9B-A076-980333A0F752}.Release|x64.Build.0 = Release|x64
		{3C78D3B7-8696-4D9B-A076-980333A0F752}.Release|x64.Deploy.0 = Release|x64
		{CCE18618-109C-44F5-B861-164356F01335}.Debug|Win32.ActiveCfg = Debug|Win32
		{CCE18618-109C-44F5-B861-164356F01335}.Debug|Win32.Build.0 = Debug|Win32
		{CCE18618-109C-44F5-B861-164356F01335}.Debug|Win32.Deploy.0 = Debug|Win32
		{CCE18618-109C-44F5-B861-164356F01335}.Debug|x64.ActiveCfg = Debug|x64
		{CCE18618-109C-44F5-B861-164356F01335}.Debug|x64.Build.0 = Debug|x64
		{CCE18618-109C-44F5-B861-164356F01335}.Debug|x64.Deploy.0 = Debug|x64
		{CCE18618-109C-44F5-B861-164356F01335}.Release|Win32.ActiveCfg = Release|Win32
		{CCE18618-109C-44F5-B861-164356F01335}.Release|Win32.Build.0 = Release|Win32
		{CCE18618-109C-44F5-B861-164356F01335}.Release|Win32.Deploy.0 = Release|Win32
		{CCE18618-109C-44F5-B861-164356F01335}.Release|x64.ActiveCfg = Release|x64
		{CCE18618-109C-44F5-B861-164356F01335}.Release|x64.Build.0 = Release|x64
		{CCE18618-109C-44F5-B861-164356F01335}.Release|x64.Deploy.0 = Release|x64
		{72208F62-FA96-421F-8F01-9A06490F5BDE}.Debug|Win32.ActiveCfg = Debug|Win32
		{72208F62-FA96-421F-8F01-9A06490F5BDE}.Debug|Win32.Build.0 = Debug|Win32
		{72208F62-FA96-421F-8F01-9A06490F5BDE}.Debug|Win32.Deploy.0 = Debug|Win32
		{72208F62-FA96-421F-8F01-9A06490F5BDE}.Debug|x64.ActiveCfg = Debug|x64
		{72208F62-FA96-421F-8F01-9A06490F5BDE}.Debug|x64.Build.0 = Debug|x64
		{72208F62-FA96-421F-8F01-9A06490F5BDE}.Debug|x64.Deploy.0 = Debug|x64
		{72208F62-FA96-421F-8F01-9A06490F5BDE}.Release|Win32.ActiveCfg = Release|Win32
		{72208F62-FA96-421F-8F01-9A06490F5BDE}.Release|Win32.Build.0 = Release|Win32
		{72208F62-FA96-421F-8F01-9A06490F5BDE}.Release|Win32.Deploy.0 = Release|Win32
		{72208F62-FA96-421F-8F01-9A06490F5BDE}.Release|x64.ActiveCfg = Release|x64
		{72208F62-FA96-421F-8F01-9A06490F5BDE}.Release|x64.Build.0 = Release|x64
		{72208F62-FA96-421F-8F01-9A06490F5BDE}.Release|x64.Deploy.0 = Release|x64
		{CCE3B003-9F31-47D2-8671-D7350276CD40}.Debug|Win32.ActiveCfg = Debug|Win32
		{CCE3B003-9F31-47D2-8671-D7350276CD40}.Debug|Win32.Build.0 = Debug|Win32
		{CCE3B003-9F31-47D2-8671-D7350276CD40}.Debug|Win32.Deploy.0 = Debug|Win32
		{CCE3B003-9F31-47D2-8671-D7350276CD40}.Debug|x64.ActiveCfg = Debug|x64
		{CCE3B003-9F31-47D2-8671-D7350276CD40}.Debug|x64.Build.0 = Debug|x64
		{CCE3B003-9F31-47D2-8671-D7350276CD40}.Debug|x64.Deploy.0 = Debug|x64
		{CCE3B003-9F31-47D2-8671-D7350276CD40}.Release|Win32.ActiveCfg = Release|Win32
		{CCE3B003-9F31-47D2-8671-D7350276CD40}.Release|Win32.Build.0 = Release|Win32
		{CCE3B003-9F31-47D2-8671-D7350276CD40}.Release|Win32.Deploy.0 = Release|Win32
		{CCE3B003-9F31-47D2-8671-D7350276CD40}.Release|x64.ActiveCfg = Release|x64
		{CCE3B003-9F31-47D2-8671-D7350276CD40}.Release|x64.Build.0 = Release|x64
		{CCE3B003-9F31-47D2-8671-D7350276CD40}.Release|x64.Deploy.0 = Release|x64
		{33579189-7B08-4D3B-BC8A-3C3D2463AE49}.Debug|Win32.ActiveCfg = Debug|Win32
		{33579189-7B08-4D3B-BC8A-3C3D2463AE49}.Debug|Win32.Build.0 = Debug|Win32
		{33579189-7B08-4D3B-BC8A-3C3D2463AE49}.Debug|Win32.Deploy.0 = Debug|Win32
		{33579189-7B08-4D3B-BC8A-3C3D2463AE49}.Debug|x64.ActiveCfg = Debug|x64
		{33579189-7B08-4D3B-BC8A-3C3D2463AE49}.Debug|x64.Build.0 = Debug|x64
		{33579189-7B08-4D3B-BC8A-3C3D2463AE49}.Debug|x64.Deploy.0 = Debug|x64
		{33579189-7B08-4D3B-BC8A-3C3D2463AE49}.Release|Win32.ActiveCfg = Release|Win32
		{33579189-7B08-4D3B-BC8A-3C3D2463AE49}.Release|Win32.Build.0 = Release|Win32
		{33579189-7B08-4D3B-BC8A-3C3D2463AE49}.Release|Win32.Deploy.0 = Release|Win32
		{33579189-7B08-4D3B-BC8A-3C3D2463AE49}.Release|x64.ActiveCfg = Release|x64
		{33579189-7B08-4D3B-BC8A-3C3D2463AE49}.Release|x64.Build.0 = Release|x64
		{33579189-7B08-4D3B-BC8A-3C3D2463AE49}.Release|x64.Deploy.0 = Release|x64
		{62844F0A-734D-4661-81D9-E69E4BA4FD57}.Debug|Win32.ActiveCfg = Debug|Win32
		{62844F0A-734D-4661-81D9-E69E4BA4FD57}.Debug|Win32.Build.0 = Debug|Win32
		{62844F0A-734D-4661-81D9-E69E4BA4FD57}.Debug|Win32.Deploy.0 = Debug|Win32
		{62844F0A-734D-4661-81D9-E69E4BA4FD57}.Debug|x64.ActiveCfg = Debug|x64
		{62844F0A-734D-4661-81D9-E69E4BA4FD57}.Debug|x64.Build.0 = Debug|x64
		{62844F0A-734D-4661-81D9-E69E4BA4FD57}.Debug|x64.Deploy.0 = Debug|x64
		{62844F0A-734D-4661-81D9-E69E4BA4FD57}.Release|Win32.ActiveCfg = Release|Win32
		{62844F0A-734D-4661-81D9-E69E4BA4FD57}.Release|Win32.Build.0 = Release|Win32
		{62844F0A-734D-4661-81D9-E69E4BA4FD57}.Release|Win32.Deploy.0 = Release|Win32
		{62844F0A-734D-4661-81D9-E69E4BA4FD57}.Release|x64.ActiveCfg = Release|x64
		{62844F0A-734D-4661-81D9-E69E4BA4FD57}.Release|x64.Build.0 = Release|x64
		{62844F0A-734D-4661-81D9-E69E4BA4FD57}.Release|x64.Deploy.0 = Release|x64
		{051FC933-F8CE-4753-A4C9-C273EBFE4D49}.Debug|Win32.ActiveCfg = Debug|Win32
		{051FC933-F8CE-4753-A4C9-C273EBFE4D49}.Debug|Win32.Build.0 = Debug|Win32
		{051FC933-F8CE-4753-A4C9-C273EBFE4D49}.Debug|Win32.Deploy.0 = Debug|Win32
		{051FC933-F8CE-4753-A4C9-C273EBFE4D49}.Debug|x64.ActiveCfg = Debug|x64
		{051FC933-F8CE-4753-A4C9-C273EBFE4D49}.Debug|x64.Build.0 = Debug|x64
		{051FC933-F8CE-4753-A4C9-C273EBFE4D49}.Debug|x64.Deploy.0 = Debug|x64
		{051FC933-F8CE-4753-A4C9-C273EBFE4D49}.Release|Win32.ActiveCfg = Release|Win32
		{051FC933-F8CE-4753-A4C9-C273EBFE4D49}.Release|Win32.Build.0 = Release|Win32
		{051FC933-F8CE-4753-A4C9-C273EBFE4D49}.Release|Win32.Deploy.0 = Release|Win32
		{051FC933-F8CE-4753-A4C9-C273EBFE4D49}.Release|x64.ActiveCfg = Release|x64
		{051FC933-F8CE-4753-A4C9-C273EBFE4D49}.Release|x64.Build.0 = Release|x64
		{051FC933-F8CE-4753-A4C9-C273EBFE4D49}.Release|x64.Deploy.0 = Release|x64
		{15818566-3976-4989-A11C-E40CCB3C90C9}.Debug|Win32.ActiveCfg = Debug|Win32
		{15818566-3976-4989-A11C-E40CCB3C90C9}.Debug|Win32.Build.0 = Debug|Win32
		{15818566-3976-4989-A11C-E40CCB3C90C9}.Debug|Win32.Deploy.0 = Debug|Win32
		{15818566-3976-4989-A11C-E40CCB3C90C9}.Debug|x64.ActiveCfg = Debug|x64
		{15818566-3976-4989-A11C-E40CCB3C90C9}.Debug|x64.Build.0 = Debug|x64
		{15818566-3976-4989-A11C-E40CCB3C90C9}.Debug|x64.Deploy.0 = Debug|x64
		{15818566-3976-4989-A11C-E40CCB3C90C9}.Release|Win32.ActiveCfg = Release|Win32
		{15818566-3976-4989-A11C-E40CCB3C90C9}.Release|Win32.Build.0 = Release|Win32
		{15818566-3976-4989-A11C-E40CCB3C90C9}.Release|Win32.Deploy.0 = Release|Win32
		{15818566-3976-4989-A11C-E40CCB3C90C9}.Release|x64.ActiveCfg = Release|x64
		{15818566-3976-4989-A11C-E40CCB3C90C9}.Release|x64.Build.0 = Release|x64
		{15818566-3976-4989-A11C-E40CCB3C90C9}.Release|x64.Deploy.0 = Release|x64
		{C6A136D2-15D2-43D7-A75D-9B5433CF5419}.Debug|Win32.ActiveCfg = Debug|Win32
		{C6A136D2-15D2-43D7-A75D-9B5433CF5419}.Debug|Win32.Build.0 = Debug|Win32
		{C6A136D2-15D2-43D7-A75D-9B5433CF5419}.Debug|Win32.Deploy.0 = Debug|Win32
		{C6A136D2-15D2-43D7-A75D-9B5433CF5419}.Debug|x64.ActiveCfg = Debug|x64
		{C6A136D2-15D2-43D7-A75D-9B5433CF5419}.Debug|x64.Build.0 = Debug|x64
		{C6A136D2-15D2-43D7-A75D-9B5433CF5419}.Debug|x64.Deploy.0 = Debug|x64
		{C6A136D2-15D2-43D7-A75D-9B5433CF5419}.Release|Win32.ActiveCfg = Release|Win32
		{C6A136D2-15D2-43D7-A75D-9B5433CF5419}.Release|Win32.Build.0 = Release|Win32
		{C6A136D2-15D2-43D7-A75D-9B5433CF5419}.Release|Win32.Deploy.0 = Release|Win32
		{C6A136D2-15D2-43D7-A75D-9B5433CF5419}.Release|x64.ActiveCfg = Release|x64
		{C6A136D2-15D2-43D7-A75D-9B5433CF5419}.Release|x64.Build.0 = Release|x64
		{C6A136D2-15D2-43D7-A75D-9B5433CF5419}.Release|x64.Deploy.0 = Release|x64
		{CE5757AD-73B6-43FD-B29A-C54F09708889}.Debug|Win32.ActiveCfg = Debug|Win32
		{CE5757AD-73B6-43FD-B29A-C54F09708889}.Debug|Win32.Build.0 = Debug|Win32
		{CE5757AD-73B6-43FD-B29A-C54F09708889}.Debug|Win32.Deploy.0 = Debug|Win32
		{CE5757AD-73B6-43FD-B29A-C54F09708889}.Debug|x64.ActiveCfg = Debug|x64
		{CE5757AD-73B6-43FD-B29A-C54F09708889}.Debug|x64.Build.0 = Debug|x64
		{CE5757AD-73B6-43FD-B29A-C54F09708889}.Debug|x64.Deploy.0 = Debug|x64
		{CE5757AD-73B6-43FD-B29A-C54F09708889}.Release|Win32.ActiveCfg = Release|Win32
		{CE5757AD-73B6-43FD-B29A-C54F09708889}.Release|Win32.Build.0 = Release|Win32
		{CE5757AD-73B6-43FD-B29A-C54F09708889}.Release|Win32.Deploy.0 = Release|Win32
		{CE5757AD-73B6-43FD-B29A-C54F09708889}.Release|x64.ActiveCfg = Release|x64
		{CE5757AD-73B6-43FD-B29A-C54F09708889}.Release|x64.Build.0 = Release|x64
		{CE5757AD-73B6-43FD-B29A-C54F09708889}.Release|x64.Deploy.0 = Release|x64
		{09DF304D-D1E8-43BD-9BD8-E1EC6A52CA90}.Debug|Win32.ActiveCfg = Debug|Win32
		{09DF304D-D1E8-43BD-9BD8-E1EC6A52CA90}.Debug|Win32.Build.0 = Debug|Win32
		{09DF304D-D1E8-43BD-9BD8-E1EC6A52CA90}.Debug|Win32.Deploy.0 = Debug|Win32
		{09DF304D-D1E8-43BD-9BD8-E1EC6A52CA90}.Debug|x64.ActiveCfg = Debug|x64
		{09DF304D-D1E8-43BD-9BD8-E1EC6A52CA90}.Debug|x64.Build.0 = Debug|x64
		{09DF304D-D1E8-43BD-9BD8-E1EC6A52CA90}.Debug|x64.Deploy.0 = Debug|x64
		{09DF304D-D1E8-43BD-9BD8-E1EC6A52CA90}.Release|Win32.ActiveCfg = Release|Win32
		{09DF304D-D1E8-43BD-9BD8-E1EC6A52CA90}.Release|Win32.Build.0 = Release|Win32
		{09DF304D-D1E8-43BD-9BD8-E1EC6A52CA90}.Release|Win32.Deploy.0 = Release|Win32
		{09DF304D-D1E8-43BD-9BD8-E1EC6A52CA90}.Release|x64.ActiveCfg = Release|x64
		{09DF304D-D1E8-43BD-9BD8-E1EC6A52CA90}.Release|x64.Build.0 = Release|x64
		{09DF304D-D1E8-43BD-9BD8-E1EC6A52CA90}.Release|x64.Deploy.0 = Release|x64
		{D0D79BCB-A062-4B9F-B1B6-15861ABF2703}.Debug|Win32.ActiveCfg = Debug|Win32
		{D0D79BCB-A062-4B9F-B1B6-15861ABF2703}.Debug|Win32.Build.0 = Debug|Win32
		{D0D79BCB-A062-4B9F-B1B6-15861ABF2703}.Debug|Win32.Deploy.0 = Debug|Win32
		{D0D79BCB-A062-4B9F-B1B6-15861ABF2703}.Debug|x64.ActiveCfg = Debug|x64
		{D0D79BCB-A062-4B9F-B1B6-15861ABF2703}.Debug|x64.Build.0 = Debug|x64
		{D0D79BCB-A062-4B9F-B1B6-15861ABF2703}.Debug|x64.Deploy.0 = Debug|x64
		{D0D79BCB-A062-4B9F-B1B6-15861ABF2703}.Release|Win32.ActiveCfg = Release|Win32
		{D0D79BCB-A062-4B9F-B1B6-15861ABF2703}.Release|Win32.Build.0 = Release|Win32
		{D0D79BCB-A062-4B9F-B1B6-15861ABF2703}.Release|Win32.Deploy.0 = Release|Win32
		{D0D79BCB-A062-4B9F-B1B6-15861ABF2703}.Release|x64.ActiveCfg = Release|x64
		{D0D79BCB-A062-4B9F-B1B6-15861ABF2703}.Release|x64.Build.0 = Release|x64
		{D0D79BCB-A062-4B9F-B1B6-15861ABF2703}.Release|x64.Deploy.0 = Release|x64
		{C367D233-EE27-4AC9-AD3D-9EF7C7118951}.Debug|Win32.ActiveCfg = Debug|Win32
		{C367D233-EE27-4AC9-AD3D-9EF7C7118951}.Debug|Win32.Build.0 = Debug|Win32
		{C367D233-EE27-4AC9-AD3D-9EF7C7118951}.Debug|Win32.Deploy.0 = Debug|Win32
		{C367D233-EE27-4AC9-AD3D-9EF7C7118951}.Debug|x64.ActiveCfg = Debug|x64
		{C367D233-EE27-4AC9-AD3D-9EF7C7118951}.Debug|x64.Build.0 = Debug|x64
		{C367D233-EE27-4AC9-AD3D-9EF7C7118951}.Debug|x64.Deploy.0 = Debug|x64
		{C367D233-EE27-4AC9-AD3D-9EF7C7118951}.Release|Win32.ActiveCfg = Release|Win32
		{C367D233-EE27-4AC9-AD3D-9EF7C7118951}.Release|Win32.Build.0 = Release|Win32
		{C367D233-EE27-4AC9-AD3D-9EF7C7118951}.Release|Win32.Deploy.0 = Release|Win32
		{C367D233-EE27-4AC9-AD3D-9EF7C7118951}.Release|x64.ActiveCfg = Release|x64
		{C367D233-EE27-4AC9-AD3D-9EF7C7118951}.Release|x64.Build.0 = Release|x64
		{C367D233-EE27-4AC9-AD3D-9EF7C7118951}.Release|x64.Deploy.0 = Release|x64
		{B6A26AB3-4D58-4A36-80C4-C913DAD6DB60}.Debug|Win32.ActiveCfg = Debug|Win32
		{B6A26AB3-4D58-4A36-80C4-C913DAD6DB60}.Debug|Win32.Build.0 = Debug|Win32
		{B6A26AB3-4D58-4A36-80C4-C913DAD6DB60}.Debug|Win32.Deploy.0 = Debug|Win32
		{B6A26AB3-4D58-4A36-80C4-C913DAD6DB60}.Debug|x64.ActiveCfg = Debug|x64
		{B6A26AB3-4D58-4A36-80C4-C913DAD6DB60}.Debug|x64.Build.0 = Debug|x64
		{B6A26AB3-4D58-4A36-80C4-C913DAD6DB60}.Debug|x64.Deploy.0 = Debug|x64
		{B6A26AB3-4D58-4A36-80C4-C913DAD6DB60}.Release|Win32.ActiveCfg = Release|Win32
		{B6A26AB3-4D58-4A36-80C4-C913DAD6DB60}.Release|Win32.Build.0 = Release|Win32
		{B6A26AB3-4D58-4A36-80C4-C913DAD6DB60}.Release|Win32.Deploy.0 = Release|Win32
		{B6A26AB3-4D58-4A36-80C4-C913DAD6DB60}.Release|x64.ActiveCfg = Release|x64
		{B6A26AB3-4D58-4A36-80C4-C913DAD6DB60}.Release|x64.Build.0 = Release|x64
		{B6A26AB3-4D58-4A36-80C4-C913DAD6DB60}.Release|x64.Deploy.0 = Release|x64
		{2C7E4767-7A7C-4B32-B09C-6EF830B31BB0}.Debug|Win32.ActiveCfg = Debug|Win32
		{2C7E4767-7A7C-4B32-B09C-6EF830B31BB0}.Debug|Win32.Build.0 = Debug|Win32
		{2C7E4767-7A7C-4B32-B09C-6EF830B31BB0}.Debug|Win32.Deploy.0 = Debug|Win32
		{2C7E4767-7A7C-4B32-B09C-6EF830B31BB0}.Debug|x64.ActiveCfg = Debug|x64
		{2C7E4767-7A7C-4B32-B09C-6EF830B31BB0}.Debug|x64.Build.0 = Debug|x64
		{2C7E4767-7A7C-4B32-B09C-6EF830B31BB0}.Debug|x64.Deploy.0 = Debug|x64
		{2C7E4767-7A7C-4B32-B09C-6EF830B31BB0}.Release|Win32.ActiveCfg = Release|Win32
		{2C7E4767-7A7C-4B32-B09C-6EF830B31BB0}.Release|Win32.Build.0 = Release|Win32
		{2C7E4767-7A7C-4B32-B09C-6EF830B31BB0}.Release|Win32.Deploy.0 = Release|Win32
		{2C7E4767-7A7C-4B32-B09C-6EF830B31BB0}.Release|x64.ActiveCfg = Release|x64
		{2C7E4767-7A7C-4B32-B09C-6EF830B31BB0}.Release|x64.Build.0 = Release|x64
		{2C7E4767-7A7C-4B32-B09C-6EF830B31BB0}.Release|x64.Deploy.0 = Release|x64
		{DD6E4CCD-C507-4E16-B032-D361A2FC4E6D}.Debug|Win32.ActiveCfg = Debug|Win32
		{DD6E4CCD-C507-4E16-B032-D361A2FC4E6D}.Debug|Win32.Build.0 = Debug|Win32
		{DD6E4CCD-C507-4E16-B032-D361A2FC4E6D}.Debug|Win32.Deploy.0 = Debug|Win32
		{DD6E4CCD-C507-4E16-B032-D361A2FC4E6D}.Debug|x64.ActiveCfg = Debug|x64
		{DD6E4CCD-C507-4E16-B032-D361A2FC4E6D}.Debug|x64.Build.0 = Debug|x64
		{DD6E4CCD-C507-4E16-B032-D361A2FC4E6D}.Debug|x64.Deploy.0 = Debug|x64
		{DD6E4CCD-C507-4E16-B032-D361A2FC4E6D}.Release|Win32.ActiveCfg = Release|Win32
		{DD6E4CCD-C507-4E16-B032-D361A2FC4E6D}.Release|Win32.Build.0 = Release|Win32
		{DD6E4CCD-C507-4E16-B032-D361A2FC4E6D}.Release|Win32.Deploy.0 = Release|Win32
		{DD6E4CCD-C507-4E16-B032-D361A2FC4E6D}.Release|x64.ActiveCfg = Release|x64
		{DD6E4CCD-C507-4E16-B032-D361A2FC4E6D}.Release|x64.Build.0 = Release|x64
		{DD6E4CCD-C507-4E16-B032-D361A2FC4E6D}.Release|x64.Deploy.0 = Release|x64
		{A68D2996-2568-4BBA-973B-CDC6E2E655ED}.Debug|Win32.ActiveCfg = Debug|Win32
		{A68D2996-2568-4BBA-973B-CDC6E2E655ED}.Debug|Win32.Build.0 = Debug|Win32
		{A68D2996-2568-4BBA-973B-CDC6E2E655ED}.Debug|Win32.Deploy.0 = Debug|Win32
		{A68D2996-2568-4BBA-973B-CDC6E2E655ED}.Debug|x64.ActiveCfg = Debug|x64
		{A68D2996-2568-4BBA-973B-CDC6E2E655ED}.Debug|x64.Build.0 = Debug|x64
		{A68D2996-2568-4BBA-973B-CDC6E2E655ED}.Debug|x64.Deploy.0 = Debug|x64
		{A68D2996-2568-4BBA-973B-CDC6E2E655ED}.Release|Win32.ActiveCfg = Release|Win32
		{A68D2996-2568-4BBA-973B-CDC6E2E655ED}.Release|Win32.Build.0 = Release|Win32
		{A68D2996-2568-4BBA-973B-CDC6E2E655ED}.Release|Win32.Deploy.0 = Release|Win32
		{A68D2996-2568-4BBA-973B-CDC6E2E655ED}.Release|x64.ActiveCfg = Release|x64
		{A68D2996-2568-4BBA-973B-CDC6E2E655ED}.Release|x64.Build.0 = Release|x64
		{A68D2996-2568-4BBA-973B-CDC6E2E655ED}.Release|x64.Deploy.0 = Release|x64
		{55ED2FFC-B034-46AE-A81A-44652BB4F5C3}.Debug|Win32.ActiveCfg = Debug|Win32
		{55ED2FFC-B034-46AE-A81A-44652BB4F5C3}.Debug|Win32.Build.0 = Debug|Win32
		{55ED2FFC-B034-46AE-A81A-44652BB4F5C3}.Debug|Win32.Deploy.0 = Debug|Win32
		{55ED2FFC-B034-46AE-A81A-44652BB4F5C3}.Debug|x64.ActiveCfg = Debug|x64
		{55ED2FFC-B034-46AE-A81A-44652BB4F5C3}.Debug|x64.Build.0 = Debug|x64
		{55ED2FFC-B034-46AE-A81A-44652BB4F5C3}.Debug|x64.Deploy.0 = Debug|x64
		{55ED2FFC-B034-46AE-A81A-44652BB4F5C3}.Release|Win32.ActiveCfg = Release|Win32
		{55ED2FFC-B034-46AE-A81A-44652BB4F5C3}.Release|Win32.Build.0 = Release|Win32
		{55ED2FFC-B034-46AE-A81A-44652BB4F5C3}.Release|Win32.Deploy.0 = Release|Win32
		{55ED2FFC-B034-46AE-A81A-44652BB4F5C3}.Release|x64.ActiveCfg = Release|x64
		{55ED2FFC-B034-46AE-A81A-44652BB4F5C3}.Release|x64.Build.0 = Release|x64
		{55ED2FFC-B034-46AE-A81A-44652BB4F5C3}.Release|x64.Deploy.0 = Release|x64
		{AD2B877A-D3C2-4BEC-9B8A-29EAAB6421B4}.Debug|Win32.ActiveCfg = Debug|Win32
		{AD2B877A-D3C2-4BEC-9B8A-29EAAB6421B4}.Debug|Win32.Build.0 = Debug|Win32
		{AD2B877A-D3C2-4BEC-9B8A-29EAAB6421B4}.Debug|Win32.Deploy.0 = Debug|Win32
		{AD2B877A-D3C2-4BEC-9B8A-29EAAB6421B4}.Debug|x64.ActiveCfg = Debug|x64
		{AD2B877A-D3C2-4BEC-9B8A-29EAAB6421B4}.Debug|x64.Build.0 = Debug|x64
		{AD2B877A-D3C2-4BEC-9B8A-29EAAB6421B4}.Debug|x64.Deploy.0 = Debug|x64
		{AD2B877A-D3C2-4BEC-9B8A-29EAAB6421B4}.Release|Win32.ActiveCfg = Release|Win32
		{AD2B877A-D3C2-4BEC-9B8A-29EAAB6421B4}.Release|Win32.Build.0 = Release|Win32
		{AD2B877A-D3C2-4BEC-9B8A-29EAAB6421B4}.Release|Win32.Deploy.0 = Release|Win32
		{AD2B877A-D3C2-4BEC-9B8A-29EAAB6421B4}.Release|x64.ActiveCfg = Release|x64
		{AD2B877A-D3C2-4BEC-9B8A-29EAAB6421B4}.Release|x64.Build.0 = Release|x64
		{AD2B877A-D3C2-4BEC-9B8A-29EAAB6421B4}.Release|x64.Deploy.0 = Release|x64
		{2BA05342-A19C-44DD-8ACC-7563B8B5F30F}.Debug|Win32.ActiveCfg = Debug|Win32
		{2BA05342-A19C-44DD-8ACC-7563B8B5F30F}.Debug|Win32.Build.0 = Debug|Win32
		{2BA05342-A19C-44DD-8ACC-7563B8B5F30F}.Debug|Win32.Deploy.0 = Debug|Win32
		{2BA05342-A19C-44DD-8ACC-7563B8B5F30F}.Debug|x64.ActiveCfg = Debug|x64
		{2BA05342-A19C-44DD-8ACC-7563B8B5F30F}.Debug|x64.Build.0 = Debug|x64
		{2BA05342-A19C-44DD-8ACC-7563B8B5F30F}.Debug|x64.Deploy.0 = Debug|x64
		{2BA05342-A19C-44DD-8ACC-7563B8B5F30F}.Release|Win32.ActiveCfg = Release|Win32
		{2BA05342-A19C-44DD-8ACC-7563B8B5F30F}.Release|Win32.Build.0 = Release|Win32
		{2BA05342-A19C-44DD-8ACC-7563B8B5F30F}.Release|Win32.Deploy.0 = Release|Win32
		{2BA05342-A19C-44DD-8ACC-7563B8B5F30F}.Release|x64.ActiveCfg = Release|x64
		{2BA05342-A19C-44DD-8ACC-7563B8B5F30F}.Release|x64.Build.0 = Release|x64
		{2BA05342-A19C-44DD-8ACC-7563B8B5F30F}.Release|x64.Deploy.0 = Release|x64
		{711F9E8F-BA10-428D-B35A-7D32939FDD79}.Debug|Win32.ActiveCfg = Debug|Win32
		{711F9E8F-BA10-428D-B35A-7D32939FDD79}.Debug|Win32.Build.0 = Debug|Win32
		{711F9E8F-BA10-428D-B35A-7D32939FDD79}.Debug|Win32.Deploy.0 = Debug|Win32
		{711F9E8F-BA10-428D-B35A-7D32939FDD79}.Debug|x64.ActiveCfg = Debug|x64
		{711F9E8F-BA10-428D-B35A-7D32939FDD79}.Debug|x64.Build.0 = Debug|x64
		{711F9E8F-BA10-428D-B35A-7D32939FDD79}.Debug|x64.Deploy.0 = Debug|x64
		{711F9E8F-BA10-428D-B35A-7D32939FDD79}.Release|Win32.ActiveCfg = Release|Win32
		{711F9E8F-BA10-428D-B35A-7D32939FDD79}.Release|Win32.Build.0 = Release|Win32
		{711F9E8F-BA10-428D-B35A-7D32939FDD79}.Release|Win32.Deploy.0 = Release|Win32
		{711F9E8F-BA10-428D-B35A-7D32939FDD79}.Release|x64.ActiveCfg = Release|x64
		{711F9E8F-BA10-428D-B35A-7D32939FDD79}.Release|x64.Build.0 = Release|x64
		{711F9E8F-BA10-428D-B35A-7D32939FDD79}.Release|x64.Deploy.0 = Release|x64
		{9CF70C9B-6937-458D-B901-964BC9453CF8}.Debug|Win32.ActiveCfg = Debug|Win32
		{9CF70C9B-6937-458D-B901-964BC9453CF8}.Debug|Win32.Build.0 = Debug|Win32
		{9CF70C9B-6937-458D-B901-964BC9453CF8}.Debug|Win32.Deploy.0 = Debug|Win32
		{9CF70C9B-6937-458D-B901-964BC9453CF8}.Debug|x64.ActiveCfg = Debug|x64
		{9CF70C9B-6937-458D-B901-964BC9453CF8}.Debug|x64.Build.0 = Debug|x64
		{9CF70C9B-6937-458D-B901-964BC9453CF8}.Debug|x64.Deploy.0 = Debug|x64
		{9CF70C9B-6937-458D-B901-964BC9453CF8}.Release|Win32.ActiveCfg = Release|Win32
		{9CF70C9B-6937-458D-B901-964BC9453CF8}.Release|Win32.Build.0 = Release|Win32
		{9CF70C9B-6937-458D-B901-964BC9453CF8}.Release|Win32.Deploy.0 = Release|Win32
		{9CF70C9B-6937-458D-B901-964BC9453CF8}.Release|x64.ActiveCfg = Release|x64
		{9CF70C9B-6937-458D-B901-964BC9453CF8}.Release|x64.Build.0 = Release|x64
		{9CF70C9B-6937-458D-B901-964BC9453CF8}.Release|x64.Deploy.0 = Release|x64
		{3382AFD7-04DE-4D13-9A9F-0F4F5E371D3E}.Debug|Win32.ActiveCfg = Debug|Win32
		{3382AFD7-04DE-4D13-9A9F-0F4F5E371D3E}.Debug|Win32.Build.0 = Debug|Win32
		{3382AFD7-04DE-4D13-9A9F-0F4F5E371D3E}.Debug|Win32.Deploy.0 = Debug|Win32
		{3382AFD7-04DE-4D13-9A9F-0F4F5E371D3E}.Debug|x64.ActiveCfg = Debug|x64
		{3382AFD7-04DE-4D13-9A9F-0F4F5E371D3E}.Debug|x64.Build.0 = Debug|x64
		{3382AFD7-04DE-4D13-9A9F-0F4F5E371D3E}.Debug|x64.Deploy.0 = Debug|x64
		{3382AFD7-04DE-4D13-9A9F-0F4F5E371D3E}.Release|Win32.ActiveCfg = Release|Win32
		{3382AFD7-04DE-4D13-9A9F-0F4F5E371D3E}.Release|Win32.Build.0 = Release|Win32
		{3382AFD7-04DE-4D13-9A9F-0F4F5E371D3E}.Release|Win32.Deploy.0 = Release|Win32
		{3382AFD7-04DE-4D13-9A9F-0F4F5E371D3E}.Release|x64.ActiveCfg = Release|x64
		{3382AFD7-04DE-4D13-9A9F-0F4F5E371D3E}.Release|x64.Build.0 = Release|x64
		{3382AFD7-04DE-4D13-9A9F-0F4F5E371D3E}.Release|x64.Deploy.0 = Release|x64
		{E0F98884-B295-495B-A146-3B71E06B4A94}.Debug|Win32.ActiveCfg = Debug|Win32
		{E0F98884-B295-495B-A146-3B71E06B4A94}.Debug|Win32.Build.0 = Debug|Win32
		{E0F98884-B295-495B-A146-3B71E06B4A94}.Debug|Win32.Deploy.0 = Debug|Win32
		{E0F98884-B295-495B-A146-3B71E06B4A94}.Debug|x64.ActiveCfg = Debug|x64
		{E0F98884-B295-495B-A146-3B71E06B4A94}.Debug|x64.Build.0 = Debug|x64
		{E0F98884-B295-495B-A146-3B71E06B4A94}.Debug|x64.Deploy.0 = Debug|x64
		{E0F98884-B295-495B-A146-3B71E06B4A94}.Release|Win32.ActiveCfg = Release|Win32
		{E0F98884-B295-495B-A146-3B71E06B4A94}.Release|Win32.Build.0 = Release|Win32
		{E0F98884-B295-495B-A146-3B71E06B4A94}.Release|Win32.Deploy.0 = Release|Win32
		{E0F98884-B295-495B-A146-3B71E06B4A94}.Release|x64.ActiveCfg = Release|x64
		{E0F98884-B295-495B-A146-3B71E06B4A94}.Release|x64.Build.0 = Release|x64
		{E0F98884-B295-495B-A146-3B71E06B4A94}.Release|x64.Deploy.0 = Release|x64
	EndGlobalSection
	GlobalSection(SolutionProperties) = preSolution
		HideSolutionNode = FALSE
	EndGlobalSection
EndGlobal
